// !$*UTF8*$!
{
	archiveVersion = 1;
	classes = {
	};
	objectVersion = 46;
	objects = {

/* Begin PBXBuildFile section */
		11021E661C910D2400FD0FAD /* PrintModelTableViewController.swift in Sources */ = {isa = PBXBuildFile; fileRef = 11021E651C910D2400FD0FAD /* PrintModelTableViewController.swift */; };
		11021E6B1C91121D00FD0FAD /* SelectHowToHearViewController.m in Sources */ = {isa = PBXBuildFile; fileRef = 11021E6A1C91121D00FD0FAD /* SelectHowToHearViewController.m */; };
		11163B391C89581C001AA556 /* communityCell.swift in Sources */ = {isa = PBXBuildFile; fileRef = 11163B381C89581C001AA556 /* communityCell.swift */; };
		11163B3D1C8960E2001AA556 /* communityHeadView.swift in Sources */ = {isa = PBXBuildFile; fileRef = 11163B3C1C8960E2001AA556 /* communityHeadView.swift */; };
		111B125A1D226D330085037E /* newguest.m in Sources */ = {isa = PBXBuildFile; fileRef = 111B12581D226D330085037E /* newguest.m */; };
		11C497471C6C54FA00A6F039 /* Images.xcassets in Resources */ = {isa = PBXBuildFile; fileRef = 11C497461C6C54FA00A6F039 /* Images.xcassets */; };
		11C497491C6C55E900A6F039 /* Launch Screen.storyboard in Resources */ = {isa = PBXBuildFile; fileRef = 11C497481C6C55E900A6F039 /* Launch Screen.storyboard */; };
		11E9B8CA1C8971CE0070D7E7 /* CConstants.swift in Sources */ = {isa = PBXBuildFile; fileRef = 11E9B8C91C8971CE0070D7E7 /* CConstants.swift */; };
		B11DD63B1898F64200B8E627 /* repeatcell.m in Sources */ = {isa = PBXBuildFile; fileRef = B11DD63A1898F64200B8E627 /* repeatcell.m */; };
		B11DD63E1898F8AE00B8E627 /* repeatfirstCell.m in Sources */ = {isa = PBXBuildFile; fileRef = B11DD63D1898F8AE00B8E627 /* repeatfirstCell.m */; };
		B11E0A7318A0D45900C8400D /* findcommunity.m in Sources */ = {isa = PBXBuildFile; fileRef = B11E0A7118A0D45900C8400D /* findcommunity.m */; };
		B11E0ACB18A0ECF900C8400D /* communitycell.m in Sources */ = {isa = PBXBuildFile; fileRef = B11E0ACA18A0ECF900C8400D /* communitycell.m */; };
		B11FA59B18F3CE9800AF6C5B /* wcfServiceExample.m in Sources */ = {isa = PBXBuildFile; fileRef = B11FA55F18F3CE9700AF6C5B /* wcfServiceExample.m */; settings = {COMPILER_FLAGS = "-fno-objc-arc"; }; };
		B11FA59C18F3CE9800AF6C5B /* Soap+Prefix.m in Sources */ = {isa = PBXBuildFile; fileRef = B11FA56218F3CE9700AF6C5B /* Soap+Prefix.m */; settings = {COMPILER_FLAGS = "-fno-objc-arc"; }; };
		B11FA59D18F3CE9800AF6C5B /* wcfArrayOfCommunityItem.m in Sources */ = {isa = PBXBuildFile; fileRef = B11FA56418F3CE9700AF6C5B /* wcfArrayOfCommunityItem.m */; settings = {COMPILER_FLAGS = "-fno-objc-arc"; }; };
		B11FA59E18F3CE9800AF6C5B /* wcfCommunityItem.m in Sources */ = {isa = PBXBuildFile; fileRef = B11FA56618F3CE9700AF6C5B /* wcfCommunityItem.m */; settings = {COMPILER_FLAGS = "-fno-objc-arc"; }; };
		B11FA59F18F3CE9800AF6C5B /* wcfGuestEntryItem.m in Sources */ = {isa = PBXBuildFile; fileRef = B11FA56818F3CE9700AF6C5B /* wcfGuestEntryItem.m */; settings = {COMPILER_FLAGS = "-fno-objc-arc"; }; };
		B11FA5A018F3CE9800AF6C5B /* wcfGuestEntryItem1.m in Sources */ = {isa = PBXBuildFile; fileRef = B11FA56A18F3CE9700AF6C5B /* wcfGuestEntryItem1.m */; settings = {COMPILER_FLAGS = "-fno-objc-arc"; }; };
		B11FA5A118F3CE9800AF6C5B /* wcfKeyValueItem.m in Sources */ = {isa = PBXBuildFile; fileRef = B11FA56C18F3CE9700AF6C5B /* wcfKeyValueItem.m */; settings = {COMPILER_FLAGS = "-fno-objc-arc"; }; };
		B11FA5A218F3CE9800AF6C5B /* wcfService.m in Sources */ = {isa = PBXBuildFile; fileRef = B11FA56E18F3CE9700AF6C5B /* wcfService.m */; settings = {COMPILER_FLAGS = "-fno-objc-arc"; }; };
		B11FA5A318F3CE9800AF6C5B /* wcfServices.m in Sources */ = {isa = PBXBuildFile; fileRef = B11FA57018F3CE9700AF6C5B /* wcfServices.m */; settings = {COMPILER_FLAGS = "-fno-objc-arc"; }; };
		B11FA5A418F3CE9800AF6C5B /* NSData+Base64.m in Sources */ = {isa = PBXBuildFile; fileRef = B11FA57318F3CE9700AF6C5B /* NSData+Base64.m */; settings = {COMPILER_FLAGS = "-fno-objc-arc"; }; };
		B11FA5A518F3CE9800AF6C5B /* NSMutableArray+Soap.m in Sources */ = {isa = PBXBuildFile; fileRef = B11FA57518F3CE9700AF6C5B /* NSMutableArray+Soap.m */; settings = {COMPILER_FLAGS = "-fno-objc-arc"; }; };
		B11FA5A618F3CE9800AF6C5B /* Soap.m in Sources */ = {isa = PBXBuildFile; fileRef = B11FA57718F3CE9700AF6C5B /* Soap.m */; settings = {COMPILER_FLAGS = "-fno-objc-arc"; }; };
		B11FA5A718F3CE9800AF6C5B /* SoapArray.m in Sources */ = {isa = PBXBuildFile; fileRef = B11FA57918F3CE9700AF6C5B /* SoapArray.m */; settings = {COMPILER_FLAGS = "-fno-objc-arc"; }; };
		B11FA5A818F3CE9800AF6C5B /* SoapFault.m in Sources */ = {isa = PBXBuildFile; fileRef = B11FA57C18F3CE9700AF6C5B /* SoapFault.m */; settings = {COMPILER_FLAGS = "-fno-objc-arc"; }; };
		B11FA5A918F3CE9800AF6C5B /* SoapHandler.m in Sources */ = {isa = PBXBuildFile; fileRef = B11FA57E18F3CE9700AF6C5B /* SoapHandler.m */; settings = {COMPILER_FLAGS = "-fno-objc-arc"; }; };
		B11FA5AA18F3CE9800AF6C5B /* SoapLiteral.m in Sources */ = {isa = PBXBuildFile; fileRef = B11FA58018F3CE9700AF6C5B /* SoapLiteral.m */; settings = {COMPILER_FLAGS = "-fno-objc-arc"; }; };
		B11FA5AB18F3CE9800AF6C5B /* SoapNil.m in Sources */ = {isa = PBXBuildFile; fileRef = B11FA58218F3CE9700AF6C5B /* SoapNil.m */; settings = {COMPILER_FLAGS = "-fno-objc-arc"; }; };
		B11FA5AC18F3CE9800AF6C5B /* SoapObject.m in Sources */ = {isa = PBXBuildFile; fileRef = B11FA58418F3CE9700AF6C5B /* SoapObject.m */; settings = {COMPILER_FLAGS = "-fno-objc-arc"; }; };
		B11FA5AD18F3CE9800AF6C5B /* SoapParameter.m in Sources */ = {isa = PBXBuildFile; fileRef = B11FA58618F3CE9700AF6C5B /* SoapParameter.m */; settings = {COMPILER_FLAGS = "-fno-objc-arc"; }; };
		B11FA5AE18F3CE9800AF6C5B /* SoapReachability.m in Sources */ = {isa = PBXBuildFile; fileRef = B11FA58818F3CE9700AF6C5B /* SoapReachability.m */; settings = {COMPILER_FLAGS = "-fno-objc-arc"; }; };
		B11FA5AF18F3CE9800AF6C5B /* SoapRequest.m in Sources */ = {isa = PBXBuildFile; fileRef = B11FA58A18F3CE9700AF6C5B /* SoapRequest.m */; settings = {COMPILER_FLAGS = "-fno-objc-arc"; }; };
		B11FA5B018F3CE9800AF6C5B /* SoapService.m in Sources */ = {isa = PBXBuildFile; fileRef = B11FA58C18F3CE9700AF6C5B /* SoapService.m */; settings = {COMPILER_FLAGS = "-fno-objc-arc"; }; };
		B11FA5B118F3CE9800AF6C5B /* CXMLDocument.m in Sources */ = {isa = PBXBuildFile; fileRef = B11FA58F18F3CE9800AF6C5B /* CXMLDocument.m */; settings = {COMPILER_FLAGS = "-fno-objc-arc"; }; };
		B11FA5B218F3CE9800AF6C5B /* CXMLDocument_PrivateExtensions.m in Sources */ = {isa = PBXBuildFile; fileRef = B11FA59118F3CE9800AF6C5B /* CXMLDocument_PrivateExtensions.m */; settings = {COMPILER_FLAGS = "-fno-objc-arc"; }; };
		B11FA5B318F3CE9800AF6C5B /* CXMLElement.m in Sources */ = {isa = PBXBuildFile; fileRef = B11FA59318F3CE9800AF6C5B /* CXMLElement.m */; settings = {COMPILER_FLAGS = "-fno-objc-arc"; }; };
		B11FA5B418F3CE9800AF6C5B /* CXMLNode.m in Sources */ = {isa = PBXBuildFile; fileRef = B11FA59518F3CE9800AF6C5B /* CXMLNode.m */; settings = {COMPILER_FLAGS = "-fno-objc-arc"; }; };
		B11FA5B518F3CE9800AF6C5B /* CXMLNode_PrivateExtensions.m in Sources */ = {isa = PBXBuildFile; fileRef = B11FA59718F3CE9800AF6C5B /* CXMLNode_PrivateExtensions.m */; settings = {COMPILER_FLAGS = "-fno-objc-arc"; }; };
		B11FA5B618F3CE9800AF6C5B /* CXMLNode_XPathExtensions.m in Sources */ = {isa = PBXBuildFile; fileRef = B11FA59918F3CE9800AF6C5B /* CXMLNode_XPathExtensions.m */; settings = {COMPILER_FLAGS = "-fno-objc-arc"; }; };
		B11FA5B818F3CF2500AF6C5B /* fViewController.m in Sources */ = {isa = PBXBuildFile; fileRef = B11FA5B718F3CF2500AF6C5B /* fViewController.m */; };
		B121244E18BB0B4300DE3195 /* Default-Landscape~ipad.png in Resources */ = {isa = PBXBuildFile; fileRef = B1BC668B1881353B0042B638 /* Default-Landscape~ipad.png */; };
		B12340631888C23E00674A24 /* MTPopupWindowCloseButton.m in Sources */ = {isa = PBXBuildFile; fileRef = B12340611888C23E00674A24 /* MTPopupWindowCloseButton.m */; };
		B12507FA18A4B9440051178F /* select1.m in Sources */ = {isa = PBXBuildFile; fileRef = B12507F918A4B9440051178F /* select1.m */; };
		B12507FD18A4C8BA0051178F /* select2.m in Sources */ = {isa = PBXBuildFile; fileRef = B12507FC18A4C8BA0051178F /* select2.m */; };
		B125F821188FA8F8001E47D7 /* communityfirstcell.m in Sources */ = {isa = PBXBuildFile; fileRef = B125F820188FA8F8001E47D7 /* communityfirstcell.m */; };
		B125F824188FB0D5001E47D7 /* findrealtorCell.m in Sources */ = {isa = PBXBuildFile; fileRef = B125F823188FB0D4001E47D7 /* findrealtorCell.m */; };
		B125F827188FB13A001E47D7 /* findrealtorfirstCell.m in Sources */ = {isa = PBXBuildFile; fileRef = B125F826188FB139001E47D7 /* findrealtorfirstCell.m */; };
		B1275C851886570A00943CB0 /* realtorCell.m in Sources */ = {isa = PBXBuildFile; fileRef = B1275C811886570900943CB0 /* realtorCell.m */; };
		B1275C881886616300943CB0 /* realtorfirstCell.m in Sources */ = {isa = PBXBuildFile; fileRef = B1275C871886616300943CB0 /* realtorfirstCell.m */; };
		B12A37A71892628900545797 /* reminderCell.m in Sources */ = {isa = PBXBuildFile; fileRef = B12A37A61892628900545797 /* reminderCell.m */; };
		B12A37AA1892658300545797 /* remiderfirstCell.m in Sources */ = {isa = PBXBuildFile; fileRef = B12A37A91892658300545797 /* remiderfirstCell.m */; };
		B12B811B1887C58A00C14C00 /* guestlsfirstCell.m in Sources */ = {isa = PBXBuildFile; fileRef = B12B811A1887C58900C14C00 /* guestlsfirstCell.m */; };
		B12D1E601880D3C0004C8CF0 /* UIKit.framework in Frameworks */ = {isa = PBXBuildFile; fileRef = B12D1E5F1880D3C0004C8CF0 /* UIKit.framework */; };
		B12D1E621880D3C0004C8CF0 /* Foundation.framework in Frameworks */ = {isa = PBXBuildFile; fileRef = B12D1E611880D3C0004C8CF0 /* Foundation.framework */; };
		B12D1E641880D3C0004C8CF0 /* CoreGraphics.framework in Frameworks */ = {isa = PBXBuildFile; fileRef = B12D1E631880D3C0004C8CF0 /* CoreGraphics.framework */; };
		B12D1E661880D3C0004C8CF0 /* CoreData.framework in Frameworks */ = {isa = PBXBuildFile; fileRef = B12D1E651880D3C0004C8CF0 /* CoreData.framework */; };
		B12D1E6C1880D3C0004C8CF0 /* InfoPlist.strings in Resources */ = {isa = PBXBuildFile; fileRef = B12D1E6A1880D3C0004C8CF0 /* InfoPlist.strings */; };
		B12D1E6E1880D3C0004C8CF0 /* main.m in Sources */ = {isa = PBXBuildFile; fileRef = B12D1E6D1880D3C0004C8CF0 /* main.m */; };
		B12D1E721880D3C0004C8CF0 /* AppDelegate.m in Sources */ = {isa = PBXBuildFile; fileRef = B12D1E711880D3C0004C8CF0 /* AppDelegate.m */; };
		B12D1E781880D3C0004C8CF0 /* Default-568h@2x.png in Resources */ = {isa = PBXBuildFile; fileRef = B12D1E771880D3C0004C8CF0 /* Default-568h@2x.png */; };
		B12D1E7B1880D3C0004C8CF0 /* BA_Guest.xcdatamodeld in Sources */ = {isa = PBXBuildFile; fileRef = B12D1E791880D3C0004C8CF0 /* BA_Guest.xcdatamodeld */; };
		B12D1EA11880D447004C8CF0 /* Login.m in Sources */ = {isa = PBXBuildFile; fileRef = B12D1E8F1880D447004C8CF0 /* Login.m */; };
		B12D1EA21880D447004C8CF0 /* forgetps1.m in Sources */ = {isa = PBXBuildFile; fileRef = B12D1E911880D447004C8CF0 /* forgetps1.m */; };
		B12D1EA41880D447004C8CF0 /* Storyboard.storyboard in Resources */ = {isa = PBXBuildFile; fileRef = B12D1E941880D447004C8CF0 /* Storyboard.storyboard */; };
		B12D1EAF1880D483004C8CF0 /* baControl.m in Sources */ = {isa = PBXBuildFile; fileRef = B12D1EA81880D483004C8CF0 /* baControl.m */; };
		B12D1EB01880D483004C8CF0 /* fathercontroller.m in Sources */ = {isa = PBXBuildFile; fileRef = B12D1EAA1880D483004C8CF0 /* fathercontroller.m */; };
		B12D1EB11880D483004C8CF0 /* Mysql.m in Sources */ = {isa = PBXBuildFile; fileRef = B12D1EAC1880D483004C8CF0 /* Mysql.m */; };
		B12D1EB21880D483004C8CF0 /* userInfo.m in Sources */ = {isa = PBXBuildFile; fileRef = B12D1EAE1880D483004C8CF0 /* userInfo.m */; };
		B12D1EB61880D4EC004C8CF0 /* cl_pin.m in Sources */ = {isa = PBXBuildFile; fileRef = B12D1EB51880D4EC004C8CF0 /* cl_pin.m */; };
		B12D1F411880D562004C8CF0 /* digitCell.psd in Resources */ = {isa = PBXBuildFile; fileRef = B12D1F0B1880D562004C8CF0 /* digitCell.psd */; };
		B12D1F421880D562004C8CF0 /* error.png in Resources */ = {isa = PBXBuildFile; fileRef = B12D1F0C1880D562004C8CF0 /* error.png */; };
		B12D1F431880D562004C8CF0 /* failedBg.psd in Resources */ = {isa = PBXBuildFile; fileRef = B12D1F0D1880D562004C8CF0 /* failedBg.psd */; };
		B12D1F451880D562004C8CF0 /* papasscode_background.png in Resources */ = {isa = PBXBuildFile; fileRef = B12D1F101880D562004C8CF0 /* papasscode_background.png */; };
		B12D1F461880D562004C8CF0 /* papasscode_background@2x.png in Resources */ = {isa = PBXBuildFile; fileRef = B12D1F111880D562004C8CF0 /* papasscode_background@2x.png */; };
		B12D1F471880D562004C8CF0 /* papasscode_failed_bg.png in Resources */ = {isa = PBXBuildFile; fileRef = B12D1F121880D562004C8CF0 /* papasscode_failed_bg.png */; };
		B12D1F481880D562004C8CF0 /* papasscode_failed_bg@2x.png in Resources */ = {isa = PBXBuildFile; fileRef = B12D1F131880D562004C8CF0 /* papasscode_failed_bg@2x.png */; };
		B12D1F491880D562004C8CF0 /* papasscode_marker.png in Resources */ = {isa = PBXBuildFile; fileRef = B12D1F141880D562004C8CF0 /* papasscode_marker.png */; };
		B12D1F4A1880D562004C8CF0 /* papasscode_marker@2x.png in Resources */ = {isa = PBXBuildFile; fileRef = B12D1F151880D562004C8CF0 /* papasscode_marker@2x.png */; };
		B12D1F4B1880D562004C8CF0 /* PAPasscodeViewController.m in Sources */ = {isa = PBXBuildFile; fileRef = B12D1F171880D562004C8CF0 /* PAPasscodeViewController.m */; };
		B12D1F4C1880D562004C8CF0 /* Reachability.m in Sources */ = {isa = PBXBuildFile; fileRef = B12D1F1A1880D562004C8CF0 /* Reachability.m */; settings = {COMPILER_FLAGS = "-fno-objc-arc"; }; };
		B12D604118A220D0002A2622 /* cl_guest.m in Sources */ = {isa = PBXBuildFile; fileRef = B12D604018A220D0002A2622 /* cl_guest.m */; };
		B1BC664C18810CA40042B638 /* CustomKeyboard.m in Sources */ = {isa = PBXBuildFile; fileRef = B1BC664B18810CA40042B638 /* CustomKeyboard.m */; };
		B1BC664F18810CEC0042B638 /* MBProgressHUD.m in Sources */ = {isa = PBXBuildFile; fileRef = B1BC664D18810CEC0042B638 /* MBProgressHUD.m */; };
		B1BC665118810EBE0042B638 /* QuartzCore.framework in Frameworks */ = {isa = PBXBuildFile; fileRef = B1BC665018810EBE0042B638 /* QuartzCore.framework */; };
		B1BC665318810ECA0042B638 /* SystemConfiguration.framework in Frameworks */ = {isa = PBXBuildFile; fileRef = B1BC665218810ECA0042B638 /* SystemConfiguration.framework */; };
		B1BC667618811A3F0042B638 /* cl_config.m in Sources */ = {isa = PBXBuildFile; fileRef = B1BC667418811A3F0042B638 /* cl_config.m */; };
		B1BC667C18812A260042B638 /* cialistfirstCell.m in Sources */ = {isa = PBXBuildFile; fileRef = B1BC667918812A250042B638 /* cialistfirstCell.m */; };
		B1BC668018812CB80042B638 /* cialistCell.m in Sources */ = {isa = PBXBuildFile; fileRef = B1BC667E18812CB70042B638 /* cialistCell.m */; };
		B1BC6688188134EE0042B638 /* builderaccess-logo-4.png in Resources */ = {isa = PBXBuildFile; fileRef = B1BC6687188134ED0042B638 /* builderaccess-logo-4.png */; };
/* End PBXBuildFile section */

/* Begin PBXFileReference section */
		11021E651C910D2400FD0FAD /* PrintModelTableViewController.swift */ = {isa = PBXFileReference; fileEncoding = 4; lastKnownFileType = sourcecode.swift; path = PrintModelTableViewController.swift; sourceTree = "<group>"; };
		11021E691C91121D00FD0FAD /* SelectHowToHearViewController.h */ = {isa = PBXFileReference; fileEncoding = 4; lastKnownFileType = sourcecode.c.h; path = SelectHowToHearViewController.h; sourceTree = "<group>"; };
		11021E6A1C91121D00FD0FAD /* SelectHowToHearViewController.m */ = {isa = PBXFileReference; fileEncoding = 4; lastKnownFileType = sourcecode.c.objc; path = SelectHowToHearViewController.m; sourceTree = "<group>"; };
		11163B351C89188D001AA556 /* BA-Guest-Bridging-Header.h */ = {isa = PBXFileReference; lastKnownFileType = sourcecode.c.h; path = "BA-Guest-Bridging-Header.h"; sourceTree = "<group>"; };
		11163B381C89581C001AA556 /* communityCell.swift */ = {isa = PBXFileReference; fileEncoding = 4; lastKnownFileType = sourcecode.swift; path = communityCell.swift; sourceTree = "<group>"; };
		11163B3C1C8960E2001AA556 /* communityHeadView.swift */ = {isa = PBXFileReference; fileEncoding = 4; lastKnownFileType = sourcecode.swift; path = communityHeadView.swift; sourceTree = "<group>"; };
		111B12581D226D330085037E /* newguest.m */ = {isa = PBXFileReference; fileEncoding = 4; lastKnownFileType = sourcecode.c.objc; path = newguest.m; sourceTree = "<group>"; };
		111B12591D226D330085037E /* newguest.h */ = {isa = PBXFileReference; fileEncoding = 4; lastKnownFileType = sourcecode.c.h; path = newguest.h; sourceTree = "<group>"; };
		111FF7DB1C924CF000960FD3 /* libIQKeyboardManager.a */ = {isa = PBXFileReference; lastKnownFileType = archive.ar; name = libIQKeyboardManager.a; path = "Pods/../build/Debug-iphoneos/IQKeyboardManager/libIQKeyboardManager.a"; sourceTree = "<group>"; };
		1169E3D41C9172B700EE9601 /* libIQKeyboardManager.a */ = {isa = PBXFileReference; lastKnownFileType = archive.ar; name = libIQKeyboardManager.a; path = "Pods/../build/Debug-iphoneos/IQKeyboardManager/libIQKeyboardManager.a"; sourceTree = "<group>"; };
		11C497461C6C54FA00A6F039 /* Images.xcassets */ = {isa = PBXFileReference; lastKnownFileType = folder.assetcatalog; path = Images.xcassets; sourceTree = "<group>"; };
		11C497481C6C55E900A6F039 /* Launch Screen.storyboard */ = {isa = PBXFileReference; fileEncoding = 4; lastKnownFileType = file.storyboard; path = "Launch Screen.storyboard"; sourceTree = "<group>"; };
		11E9B8C91C8971CE0070D7E7 /* CConstants.swift */ = {isa = PBXFileReference; fileEncoding = 4; lastKnownFileType = sourcecode.swift; path = CConstants.swift; sourceTree = "<group>"; };
		4397945A2DFBEC6427A68FA2 /* Pods-BA-Guest.release.xcconfig */ = {isa = PBXFileReference; includeInIndex = 1; lastKnownFileType = text.xcconfig; name = "Pods-BA-Guest.release.xcconfig"; path = "Pods/Target Support Files/Pods-BA-Guest/Pods-BA-Guest.release.xcconfig"; sourceTree = "<group>"; };
		5ABD0665F98735D86FAD4AD4 /* Pods-BA-Guest.debug.xcconfig */ = {isa = PBXFileReference; includeInIndex = 1; lastKnownFileType = text.xcconfig; name = "Pods-BA-Guest.debug.xcconfig"; path = "Pods/Target Support Files/Pods-BA-Guest/Pods-BA-Guest.debug.xcconfig"; sourceTree = "<group>"; };
		B10EC8A518A377190096EFA8 /* BA_Guest3.xcdatamodel */ = {isa = PBXFileReference; lastKnownFileType = wrapper.xcdatamodel; path = BA_Guest3.xcdatamodel; sourceTree = "<group>"; };
		B10EC8BC18A392DF0096EFA8 /* BA_Guest4.xcdatamodel */ = {isa = PBXFileReference; lastKnownFileType = wrapper.xcdatamodel; path = BA_Guest4.xcdatamodel; sourceTree = "<group>"; };
		B11DD6391898F64200B8E627 /* repeatcell.h */ = {isa = PBXFileReference; fileEncoding = 4; lastKnownFileType = sourcecode.c.h; path = repeatcell.h; sourceTree = "<group>"; };
		B11DD63A1898F64200B8E627 /* repeatcell.m */ = {isa = PBXFileReference; fileEncoding = 4; lastKnownFileType = sourcecode.c.objc; path = repeatcell.m; sourceTree = "<group>"; };
		B11DD63C1898F8AD00B8E627 /* repeatfirstCell.h */ = {isa = PBXFileReference; fileEncoding = 4; lastKnownFileType = sourcecode.c.h; path = repeatfirstCell.h; sourceTree = "<group>"; };
		B11DD63D1898F8AE00B8E627 /* repeatfirstCell.m */ = {isa = PBXFileReference; fileEncoding = 4; lastKnownFileType = sourcecode.c.objc; path = repeatfirstCell.m; sourceTree = "<group>"; };
		B11E0A7118A0D45900C8400D /* findcommunity.m */ = {isa = PBXFileReference; fileEncoding = 4; lastKnownFileType = sourcecode.c.objc; path = findcommunity.m; sourceTree = "<group>"; };
		B11E0A7218A0D45900C8400D /* findcommunity.h */ = {isa = PBXFileReference; fileEncoding = 4; lastKnownFileType = sourcecode.c.h; path = findcommunity.h; sourceTree = "<group>"; };
		B11E0AC918A0ECF900C8400D /* communitycell.h */ = {isa = PBXFileReference; fileEncoding = 4; lastKnownFileType = sourcecode.c.h; path = communitycell.h; sourceTree = "<group>"; };
		B11E0ACA18A0ECF900C8400D /* communitycell.m */ = {isa = PBXFileReference; fileEncoding = 4; lastKnownFileType = sourcecode.c.objc; path = communitycell.m; sourceTree = "<group>"; };
		B11FA55B18F3C5A400AF6C5B /* BA_GuestI2.xcdatamodel */ = {isa = PBXFileReference; lastKnownFileType = wrapper.xcdatamodel; path = BA_GuestI2.xcdatamodel; sourceTree = "<group>"; };
		B11FA55E18F3CE9700AF6C5B /* wcfServiceExample.h */ = {isa = PBXFileReference; fileEncoding = 4; lastKnownFileType = sourcecode.c.h; path = wcfServiceExample.h; sourceTree = "<group>"; };
		B11FA55F18F3CE9700AF6C5B /* wcfServiceExample.m */ = {isa = PBXFileReference; fileEncoding = 4; lastKnownFileType = sourcecode.c.objc; path = wcfServiceExample.m; sourceTree = "<group>"; };
		B11FA56118F3CE9700AF6C5B /* Soap+Prefix.h */ = {isa = PBXFileReference; fileEncoding = 4; lastKnownFileType = sourcecode.c.h; path = "Soap+Prefix.h"; sourceTree = "<group>"; };
		B11FA56218F3CE9700AF6C5B /* Soap+Prefix.m */ = {isa = PBXFileReference; fileEncoding = 4; lastKnownFileType = sourcecode.c.objc; path = "Soap+Prefix.m"; sourceTree = "<group>"; };
		B11FA56318F3CE9700AF6C5B /* wcfArrayOfCommunityItem.h */ = {isa = PBXFileReference; fileEncoding = 4; lastKnownFileType = sourcecode.c.h; path = wcfArrayOfCommunityItem.h; sourceTree = "<group>"; };
		B11FA56418F3CE9700AF6C5B /* wcfArrayOfCommunityItem.m */ = {isa = PBXFileReference; fileEncoding = 4; lastKnownFileType = sourcecode.c.objc; path = wcfArrayOfCommunityItem.m; sourceTree = "<group>"; };
		B11FA56518F3CE9700AF6C5B /* wcfCommunityItem.h */ = {isa = PBXFileReference; fileEncoding = 4; lastKnownFileType = sourcecode.c.h; path = wcfCommunityItem.h; sourceTree = "<group>"; };
		B11FA56618F3CE9700AF6C5B /* wcfCommunityItem.m */ = {isa = PBXFileReference; fileEncoding = 4; lastKnownFileType = sourcecode.c.objc; path = wcfCommunityItem.m; sourceTree = "<group>"; };
		B11FA56718F3CE9700AF6C5B /* wcfGuestEntryItem.h */ = {isa = PBXFileReference; fileEncoding = 4; lastKnownFileType = sourcecode.c.h; path = wcfGuestEntryItem.h; sourceTree = "<group>"; };
		B11FA56818F3CE9700AF6C5B /* wcfGuestEntryItem.m */ = {isa = PBXFileReference; fileEncoding = 4; lastKnownFileType = sourcecode.c.objc; path = wcfGuestEntryItem.m; sourceTree = "<group>"; };
		B11FA56918F3CE9700AF6C5B /* wcfGuestEntryItem1.h */ = {isa = PBXFileReference; fileEncoding = 4; lastKnownFileType = sourcecode.c.h; path = wcfGuestEntryItem1.h; sourceTree = "<group>"; };
		B11FA56A18F3CE9700AF6C5B /* wcfGuestEntryItem1.m */ = {isa = PBXFileReference; fileEncoding = 4; lastKnownFileType = sourcecode.c.objc; path = wcfGuestEntryItem1.m; sourceTree = "<group>"; };
		B11FA56B18F3CE9700AF6C5B /* wcfKeyValueItem.h */ = {isa = PBXFileReference; fileEncoding = 4; lastKnownFileType = sourcecode.c.h; path = wcfKeyValueItem.h; sourceTree = "<group>"; };
		B11FA56C18F3CE9700AF6C5B /* wcfKeyValueItem.m */ = {isa = PBXFileReference; fileEncoding = 4; lastKnownFileType = sourcecode.c.objc; path = wcfKeyValueItem.m; sourceTree = "<group>"; };
		B11FA56D18F3CE9700AF6C5B /* wcfService.h */ = {isa = PBXFileReference; fileEncoding = 4; lastKnownFileType = sourcecode.c.h; path = wcfService.h; sourceTree = "<group>"; };
		B11FA56E18F3CE9700AF6C5B /* wcfService.m */ = {isa = PBXFileReference; fileEncoding = 4; lastKnownFileType = sourcecode.c.objc; path = wcfService.m; sourceTree = "<group>"; };
		B11FA56F18F3CE9700AF6C5B /* wcfServices.h */ = {isa = PBXFileReference; fileEncoding = 4; lastKnownFileType = sourcecode.c.h; path = wcfServices.h; sourceTree = "<group>"; };
		B11FA57018F3CE9700AF6C5B /* wcfServices.m */ = {isa = PBXFileReference; fileEncoding = 4; lastKnownFileType = sourcecode.c.objc; path = wcfServices.m; sourceTree = "<group>"; };
		B11FA57218F3CE9700AF6C5B /* NSData+Base64.h */ = {isa = PBXFileReference; fileEncoding = 4; lastKnownFileType = sourcecode.c.h; path = "NSData+Base64.h"; sourceTree = "<group>"; };
		B11FA57318F3CE9700AF6C5B /* NSData+Base64.m */ = {isa = PBXFileReference; fileEncoding = 4; lastKnownFileType = sourcecode.c.objc; path = "NSData+Base64.m"; sourceTree = "<group>"; };
		B11FA57418F3CE9700AF6C5B /* NSMutableArray+Soap.h */ = {isa = PBXFileReference; fileEncoding = 4; lastKnownFileType = sourcecode.c.h; path = "NSMutableArray+Soap.h"; sourceTree = "<group>"; };
		B11FA57518F3CE9700AF6C5B /* NSMutableArray+Soap.m */ = {isa = PBXFileReference; fileEncoding = 4; lastKnownFileType = sourcecode.c.objc; path = "NSMutableArray+Soap.m"; sourceTree = "<group>"; };
		B11FA57618F3CE9700AF6C5B /* Soap.h */ = {isa = PBXFileReference; fileEncoding = 4; lastKnownFileType = sourcecode.c.h; path = Soap.h; sourceTree = "<group>"; };
		B11FA57718F3CE9700AF6C5B /* Soap.m */ = {isa = PBXFileReference; fileEncoding = 4; lastKnownFileType = sourcecode.c.objc; path = Soap.m; sourceTree = "<group>"; };
		B11FA57818F3CE9700AF6C5B /* SoapArray.h */ = {isa = PBXFileReference; fileEncoding = 4; lastKnownFileType = sourcecode.c.h; path = SoapArray.h; sourceTree = "<group>"; };
		B11FA57918F3CE9700AF6C5B /* SoapArray.m */ = {isa = PBXFileReference; fileEncoding = 4; lastKnownFileType = sourcecode.c.objc; path = SoapArray.m; sourceTree = "<group>"; };
		B11FA57A18F3CE9700AF6C5B /* SoapDelegate.h */ = {isa = PBXFileReference; fileEncoding = 4; lastKnownFileType = sourcecode.c.h; path = SoapDelegate.h; sourceTree = "<group>"; };
		B11FA57B18F3CE9700AF6C5B /* SoapFault.h */ = {isa = PBXFileReference; fileEncoding = 4; lastKnownFileType = sourcecode.c.h; path = SoapFault.h; sourceTree = "<group>"; };
		B11FA57C18F3CE9700AF6C5B /* SoapFault.m */ = {isa = PBXFileReference; fileEncoding = 4; lastKnownFileType = sourcecode.c.objc; path = SoapFault.m; sourceTree = "<group>"; };
		B11FA57D18F3CE9700AF6C5B /* SoapHandler.h */ = {isa = PBXFileReference; fileEncoding = 4; lastKnownFileType = sourcecode.c.h; path = SoapHandler.h; sourceTree = "<group>"; };
		B11FA57E18F3CE9700AF6C5B /* SoapHandler.m */ = {isa = PBXFileReference; fileEncoding = 4; lastKnownFileType = sourcecode.c.objc; path = SoapHandler.m; sourceTree = "<group>"; };
		B11FA57F18F3CE9700AF6C5B /* SoapLiteral.h */ = {isa = PBXFileReference; fileEncoding = 4; lastKnownFileType = sourcecode.c.h; path = SoapLiteral.h; sourceTree = "<group>"; };
		B11FA58018F3CE9700AF6C5B /* SoapLiteral.m */ = {isa = PBXFileReference; fileEncoding = 4; lastKnownFileType = sourcecode.c.objc; path = SoapLiteral.m; sourceTree = "<group>"; };
		B11FA58118F3CE9700AF6C5B /* SoapNil.h */ = {isa = PBXFileReference; fileEncoding = 4; lastKnownFileType = sourcecode.c.h; path = SoapNil.h; sourceTree = "<group>"; };
		B11FA58218F3CE9700AF6C5B /* SoapNil.m */ = {isa = PBXFileReference; fileEncoding = 4; lastKnownFileType = sourcecode.c.objc; path = SoapNil.m; sourceTree = "<group>"; };
		B11FA58318F3CE9700AF6C5B /* SoapObject.h */ = {isa = PBXFileReference; fileEncoding = 4; lastKnownFileType = sourcecode.c.h; path = SoapObject.h; sourceTree = "<group>"; };
		B11FA58418F3CE9700AF6C5B /* SoapObject.m */ = {isa = PBXFileReference; fileEncoding = 4; lastKnownFileType = sourcecode.c.objc; path = SoapObject.m; sourceTree = "<group>"; };
		B11FA58518F3CE9700AF6C5B /* SoapParameter.h */ = {isa = PBXFileReference; fileEncoding = 4; lastKnownFileType = sourcecode.c.h; path = SoapParameter.h; sourceTree = "<group>"; };
		B11FA58618F3CE9700AF6C5B /* SoapParameter.m */ = {isa = PBXFileReference; fileEncoding = 4; lastKnownFileType = sourcecode.c.objc; path = SoapParameter.m; sourceTree = "<group>"; };
		B11FA58718F3CE9700AF6C5B /* SoapReachability.h */ = {isa = PBXFileReference; fileEncoding = 4; lastKnownFileType = sourcecode.c.h; path = SoapReachability.h; sourceTree = "<group>"; };
		B11FA58818F3CE9700AF6C5B /* SoapReachability.m */ = {isa = PBXFileReference; fileEncoding = 4; lastKnownFileType = sourcecode.c.objc; path = SoapReachability.m; sourceTree = "<group>"; };
		B11FA58918F3CE9700AF6C5B /* SoapRequest.h */ = {isa = PBXFileReference; fileEncoding = 4; lastKnownFileType = sourcecode.c.h; path = SoapRequest.h; sourceTree = "<group>"; };
		B11FA58A18F3CE9700AF6C5B /* SoapRequest.m */ = {isa = PBXFileReference; fileEncoding = 4; lastKnownFileType = sourcecode.c.objc; path = SoapRequest.m; sourceTree = "<group>"; };
		B11FA58B18F3CE9700AF6C5B /* SoapService.h */ = {isa = PBXFileReference; fileEncoding = 4; lastKnownFileType = sourcecode.c.h; path = SoapService.h; sourceTree = "<group>"; };
		B11FA58C18F3CE9700AF6C5B /* SoapService.m */ = {isa = PBXFileReference; fileEncoding = 4; lastKnownFileType = sourcecode.c.objc; path = SoapService.m; sourceTree = "<group>"; };
		B11FA58E18F3CE9800AF6C5B /* CXMLDocument.h */ = {isa = PBXFileReference; fileEncoding = 4; lastKnownFileType = sourcecode.c.h; path = CXMLDocument.h; sourceTree = "<group>"; };
		B11FA58F18F3CE9800AF6C5B /* CXMLDocument.m */ = {isa = PBXFileReference; fileEncoding = 4; lastKnownFileType = sourcecode.c.objc; path = CXMLDocument.m; sourceTree = "<group>"; };
		B11FA59018F3CE9800AF6C5B /* CXMLDocument_PrivateExtensions.h */ = {isa = PBXFileReference; fileEncoding = 4; lastKnownFileType = sourcecode.c.h; path = CXMLDocument_PrivateExtensions.h; sourceTree = "<group>"; };
		B11FA59118F3CE9800AF6C5B /* CXMLDocument_PrivateExtensions.m */ = {isa = PBXFileReference; fileEncoding = 4; lastKnownFileType = sourcecode.c.objc; path = CXMLDocument_PrivateExtensions.m; sourceTree = "<group>"; };
		B11FA59218F3CE9800AF6C5B /* CXMLElement.h */ = {isa = PBXFileReference; fileEncoding = 4; lastKnownFileType = sourcecode.c.h; path = CXMLElement.h; sourceTree = "<group>"; };
		B11FA59318F3CE9800AF6C5B /* CXMLElement.m */ = {isa = PBXFileReference; fileEncoding = 4; lastKnownFileType = sourcecode.c.objc; path = CXMLElement.m; sourceTree = "<group>"; };
		B11FA59418F3CE9800AF6C5B /* CXMLNode.h */ = {isa = PBXFileReference; fileEncoding = 4; lastKnownFileType = sourcecode.c.h; path = CXMLNode.h; sourceTree = "<group>"; };
		B11FA59518F3CE9800AF6C5B /* CXMLNode.m */ = {isa = PBXFileReference; fileEncoding = 4; lastKnownFileType = sourcecode.c.objc; path = CXMLNode.m; sourceTree = "<group>"; };
		B11FA59618F3CE9800AF6C5B /* CXMLNode_PrivateExtensions.h */ = {isa = PBXFileReference; fileEncoding = 4; lastKnownFileType = sourcecode.c.h; path = CXMLNode_PrivateExtensions.h; sourceTree = "<group>"; };
		B11FA59718F3CE9800AF6C5B /* CXMLNode_PrivateExtensions.m */ = {isa = PBXFileReference; fileEncoding = 4; lastKnownFileType = sourcecode.c.objc; path = CXMLNode_PrivateExtensions.m; sourceTree = "<group>"; };
		B11FA59818F3CE9800AF6C5B /* CXMLNode_XPathExtensions.h */ = {isa = PBXFileReference; fileEncoding = 4; lastKnownFileType = sourcecode.c.h; path = CXMLNode_XPathExtensions.h; sourceTree = "<group>"; };
		B11FA59918F3CE9800AF6C5B /* CXMLNode_XPathExtensions.m */ = {isa = PBXFileReference; fileEncoding = 4; lastKnownFileType = sourcecode.c.objc; path = CXMLNode_XPathExtensions.m; sourceTree = "<group>"; };
		B11FA59A18F3CE9800AF6C5B /* TouchXML.h */ = {isa = PBXFileReference; fileEncoding = 4; lastKnownFileType = sourcecode.c.h; path = TouchXML.h; sourceTree = "<group>"; };
		B11FA5B718F3CF2500AF6C5B /* fViewController.m */ = {isa = PBXFileReference; fileEncoding = 4; lastKnownFileType = sourcecode.c.objc; path = fViewController.m; sourceTree = "<group>"; };
		B12340611888C23E00674A24 /* MTPopupWindowCloseButton.m */ = {isa = PBXFileReference; fileEncoding = 4; lastKnownFileType = sourcecode.c.objc; path = MTPopupWindowCloseButton.m; sourceTree = "<group>"; };
		B12340621888C23E00674A24 /* MTPopupWindowCloseButton.h */ = {isa = PBXFileReference; fileEncoding = 4; lastKnownFileType = sourcecode.c.h; path = MTPopupWindowCloseButton.h; sourceTree = "<group>"; };
		B12507F818A4B9440051178F /* select1.h */ = {isa = PBXFileReference; fileEncoding = 4; lastKnownFileType = sourcecode.c.h; path = select1.h; sourceTree = "<group>"; };
		B12507F918A4B9440051178F /* select1.m */ = {isa = PBXFileReference; fileEncoding = 4; lastKnownFileType = sourcecode.c.objc; path = select1.m; sourceTree = "<group>"; };
		B12507FB18A4C8BA0051178F /* select2.h */ = {isa = PBXFileReference; fileEncoding = 4; lastKnownFileType = sourcecode.c.h; path = select2.h; sourceTree = "<group>"; };
		B12507FC18A4C8BA0051178F /* select2.m */ = {isa = PBXFileReference; fileEncoding = 4; lastKnownFileType = sourcecode.c.objc; path = select2.m; sourceTree = "<group>"; };
		B125F81F188FA8F8001E47D7 /* communityfirstcell.h */ = {isa = PBXFileReference; fileEncoding = 4; lastKnownFileType = sourcecode.c.h; path = communityfirstcell.h; sourceTree = "<group>"; };
		B125F820188FA8F8001E47D7 /* communityfirstcell.m */ = {isa = PBXFileReference; fileEncoding = 4; lastKnownFileType = sourcecode.c.objc; path = communityfirstcell.m; sourceTree = "<group>"; };
		B125F822188FB0D4001E47D7 /* findrealtorCell.h */ = {isa = PBXFileReference; fileEncoding = 4; lastKnownFileType = sourcecode.c.h; path = findrealtorCell.h; sourceTree = "<group>"; };
		B125F823188FB0D4001E47D7 /* findrealtorCell.m */ = {isa = PBXFileReference; fileEncoding = 4; lastKnownFileType = sourcecode.c.objc; path = findrealtorCell.m; sourceTree = "<group>"; };
		B125F825188FB139001E47D7 /* findrealtorfirstCell.h */ = {isa = PBXFileReference; fileEncoding = 4; lastKnownFileType = sourcecode.c.h; path = findrealtorfirstCell.h; sourceTree = "<group>"; };
		B125F826188FB139001E47D7 /* findrealtorfirstCell.m */ = {isa = PBXFileReference; fileEncoding = 4; lastKnownFileType = sourcecode.c.objc; path = findrealtorfirstCell.m; sourceTree = "<group>"; };
		B1275C811886570900943CB0 /* realtorCell.m */ = {isa = PBXFileReference; fileEncoding = 4; lastKnownFileType = sourcecode.c.objc; path = realtorCell.m; sourceTree = "<group>"; };
		B1275C831886570A00943CB0 /* realtorCell.h */ = {isa = PBXFileReference; fileEncoding = 4; lastKnownFileType = sourcecode.c.h; path = realtorCell.h; sourceTree = "<group>"; };
		B1275C861886616300943CB0 /* realtorfirstCell.h */ = {isa = PBXFileReference; fileEncoding = 4; lastKnownFileType = sourcecode.c.h; path = realtorfirstCell.h; sourceTree = "<group>"; };
		B1275C871886616300943CB0 /* realtorfirstCell.m */ = {isa = PBXFileReference; fileEncoding = 4; lastKnownFileType = sourcecode.c.objc; path = realtorfirstCell.m; sourceTree = "<group>"; };
		B12A37A51892628900545797 /* reminderCell.h */ = {isa = PBXFileReference; fileEncoding = 4; lastKnownFileType = sourcecode.c.h; path = reminderCell.h; sourceTree = "<group>"; };
		B12A37A61892628900545797 /* reminderCell.m */ = {isa = PBXFileReference; fileEncoding = 4; lastKnownFileType = sourcecode.c.objc; path = reminderCell.m; sourceTree = "<group>"; };
		B12A37A81892658300545797 /* remiderfirstCell.h */ = {isa = PBXFileReference; fileEncoding = 4; lastKnownFileType = sourcecode.c.h; path = remiderfirstCell.h; sourceTree = "<group>"; };
		B12A37A91892658300545797 /* remiderfirstCell.m */ = {isa = PBXFileReference; fileEncoding = 4; lastKnownFileType = sourcecode.c.objc; path = remiderfirstCell.m; sourceTree = "<group>"; };
		B12B81191887C58900C14C00 /* guestlsfirstCell.h */ = {isa = PBXFileReference; fileEncoding = 4; lastKnownFileType = sourcecode.c.h; path = guestlsfirstCell.h; sourceTree = "<group>"; };
		B12B811A1887C58900C14C00 /* guestlsfirstCell.m */ = {isa = PBXFileReference; fileEncoding = 4; lastKnownFileType = sourcecode.c.objc; path = guestlsfirstCell.m; sourceTree = "<group>"; };
		B12D1E5C1880D3C0004C8CF0 /* BA-Guest.app */ = {isa = PBXFileReference; explicitFileType = wrapper.application; includeInIndex = 0; path = "BA-Guest.app"; sourceTree = BUILT_PRODUCTS_DIR; };
		B12D1E5F1880D3C0004C8CF0 /* UIKit.framework */ = {isa = PBXFileReference; lastKnownFileType = wrapper.framework; name = UIKit.framework; path = System/Library/Frameworks/UIKit.framework; sourceTree = SDKROOT; };
		B12D1E611880D3C0004C8CF0 /* Foundation.framework */ = {isa = PBXFileReference; lastKnownFileType = wrapper.framework; name = Foundation.framework; path = System/Library/Frameworks/Foundation.framework; sourceTree = SDKROOT; };
		B12D1E631880D3C0004C8CF0 /* CoreGraphics.framework */ = {isa = PBXFileReference; lastKnownFileType = wrapper.framework; name = CoreGraphics.framework; path = System/Library/Frameworks/CoreGraphics.framework; sourceTree = SDKROOT; };
		B12D1E651880D3C0004C8CF0 /* CoreData.framework */ = {isa = PBXFileReference; lastKnownFileType = wrapper.framework; name = CoreData.framework; path = System/Library/Frameworks/CoreData.framework; sourceTree = SDKROOT; };
		B12D1E691880D3C0004C8CF0 /* BA-Guest-Info.plist */ = {isa = PBXFileReference; lastKnownFileType = text.plist.xml; path = "BA-Guest-Info.plist"; sourceTree = "<group>"; };
		B12D1E6B1880D3C0004C8CF0 /* en */ = {isa = PBXFileReference; lastKnownFileType = text.plist.strings; name = en; path = en.lproj/InfoPlist.strings; sourceTree = "<group>"; };
		B12D1E6D1880D3C0004C8CF0 /* main.m */ = {isa = PBXFileReference; lastKnownFileType = sourcecode.c.objc; path = main.m; sourceTree = "<group>"; };
		B12D1E6F1880D3C0004C8CF0 /* BA-Guest-Prefix.pch */ = {isa = PBXFileReference; lastKnownFileType = sourcecode.c.h; path = "BA-Guest-Prefix.pch"; sourceTree = "<group>"; };
		B12D1E701880D3C0004C8CF0 /* AppDelegate.h */ = {isa = PBXFileReference; lastKnownFileType = sourcecode.c.h; path = AppDelegate.h; sourceTree = "<group>"; };
		B12D1E711880D3C0004C8CF0 /* AppDelegate.m */ = {isa = PBXFileReference; lastKnownFileType = sourcecode.c.objc; path = AppDelegate.m; sourceTree = "<group>"; };
		B12D1E731880D3C0004C8CF0 /* Default.png */ = {isa = PBXFileReference; lastKnownFileType = image.png; path = Default.png; sourceTree = "<group>"; };
		B12D1E751880D3C0004C8CF0 /* Default@2x.png */ = {isa = PBXFileReference; lastKnownFileType = image.png; path = "Default@2x.png"; sourceTree = "<group>"; };
		B12D1E771880D3C0004C8CF0 /* Default-568h@2x.png */ = {isa = PBXFileReference; lastKnownFileType = image.png; path = "Default-568h@2x.png"; sourceTree = "<group>"; };
		B12D1E7A1880D3C0004C8CF0 /* BA_Guest.xcdatamodel */ = {isa = PBXFileReference; lastKnownFileType = wrapper.xcdatamodel; path = BA_Guest.xcdatamodel; sourceTree = "<group>"; };
		B12D1E8F1880D447004C8CF0 /* Login.m */ = {isa = PBXFileReference; fileEncoding = 4; lastKnownFileType = sourcecode.c.objc; path = Login.m; sourceTree = "<group>"; };
		B12D1E901880D447004C8CF0 /* Login.h */ = {isa = PBXFileReference; fileEncoding = 4; lastKnownFileType = sourcecode.c.h; path = Login.h; sourceTree = "<group>"; };
		B12D1E911880D447004C8CF0 /* forgetps1.m */ = {isa = PBXFileReference; fileEncoding = 4; lastKnownFileType = sourcecode.c.objc; path = forgetps1.m; sourceTree = "<group>"; };
		B12D1E931880D447004C8CF0 /* forgetps1.h */ = {isa = PBXFileReference; fileEncoding = 4; lastKnownFileType = sourcecode.c.h; path = forgetps1.h; sourceTree = "<group>"; };
		B12D1E941880D447004C8CF0 /* Storyboard.storyboard */ = {isa = PBXFileReference; fileEncoding = 4; lastKnownFileType = file.storyboard; path = Storyboard.storyboard; sourceTree = "<group>"; };
		B12D1EA71880D483004C8CF0 /* baControl.h */ = {isa = PBXFileReference; fileEncoding = 4; lastKnownFileType = sourcecode.c.h; path = baControl.h; sourceTree = "<group>"; };
		B12D1EA81880D483004C8CF0 /* baControl.m */ = {isa = PBXFileReference; fileEncoding = 4; lastKnownFileType = sourcecode.c.objc; path = baControl.m; sourceTree = "<group>"; };
		B12D1EA91880D483004C8CF0 /* fathercontroller.h */ = {isa = PBXFileReference; fileEncoding = 4; lastKnownFileType = sourcecode.c.h; path = fathercontroller.h; sourceTree = "<group>"; };
		B12D1EAA1880D483004C8CF0 /* fathercontroller.m */ = {isa = PBXFileReference; fileEncoding = 4; lastKnownFileType = sourcecode.c.objc; path = fathercontroller.m; sourceTree = "<group>"; };
		B12D1EAB1880D483004C8CF0 /* Mysql.h */ = {isa = PBXFileReference; fileEncoding = 4; lastKnownFileType = sourcecode.c.h; path = Mysql.h; sourceTree = "<group>"; };
		B12D1EAC1880D483004C8CF0 /* Mysql.m */ = {isa = PBXFileReference; fileEncoding = 4; lastKnownFileType = sourcecode.c.objc; path = Mysql.m; sourceTree = "<group>"; };
		B12D1EAD1880D483004C8CF0 /* userInfo.h */ = {isa = PBXFileReference; fileEncoding = 4; lastKnownFileType = sourcecode.c.h; path = userInfo.h; sourceTree = "<group>"; };
		B12D1EAE1880D483004C8CF0 /* userInfo.m */ = {isa = PBXFileReference; fileEncoding = 4; lastKnownFileType = sourcecode.c.objc; path = userInfo.m; sourceTree = "<group>"; };
		B12D1EB41880D4EC004C8CF0 /* cl_pin.h */ = {isa = PBXFileReference; fileEncoding = 4; lastKnownFileType = sourcecode.c.h; path = cl_pin.h; sourceTree = "<group>"; };
		B12D1EB51880D4EC004C8CF0 /* cl_pin.m */ = {isa = PBXFileReference; fileEncoding = 4; lastKnownFileType = sourcecode.c.objc; path = cl_pin.m; sourceTree = "<group>"; };
		B12D1F0B1880D562004C8CF0 /* digitCell.psd */ = {isa = PBXFileReference; lastKnownFileType = file; path = digitCell.psd; sourceTree = "<group>"; };
		B12D1F0C1880D562004C8CF0 /* error.png */ = {isa = PBXFileReference; lastKnownFileType = image.png; path = error.png; sourceTree = "<group>"; };
		B12D1F0D1880D562004C8CF0 /* failedBg.psd */ = {isa = PBXFileReference; lastKnownFileType = file; path = failedBg.psd; sourceTree = "<group>"; };
		B12D1F0E1880D562004C8CF0 /* fViewController.h */ = {isa = PBXFileReference; fileEncoding = 4; lastKnownFileType = sourcecode.c.h; path = fViewController.h; sourceTree = "<group>"; };
		B12D1F101880D562004C8CF0 /* papasscode_background.png */ = {isa = PBXFileReference; lastKnownFileType = image.png; path = papasscode_background.png; sourceTree = "<group>"; };
		B12D1F111880D562004C8CF0 /* papasscode_background@2x.png */ = {isa = PBXFileReference; lastKnownFileType = image.png; path = "papasscode_background@2x.png"; sourceTree = "<group>"; };
		B12D1F121880D562004C8CF0 /* papasscode_failed_bg.png */ = {isa = PBXFileReference; lastKnownFileType = image.png; path = papasscode_failed_bg.png; sourceTree = "<group>"; };
		B12D1F131880D562004C8CF0 /* papasscode_failed_bg@2x.png */ = {isa = PBXFileReference; lastKnownFileType = image.png; path = "papasscode_failed_bg@2x.png"; sourceTree = "<group>"; };
		B12D1F141880D562004C8CF0 /* papasscode_marker.png */ = {isa = PBXFileReference; lastKnownFileType = image.png; path = papasscode_marker.png; sourceTree = "<group>"; };
		B12D1F151880D562004C8CF0 /* papasscode_marker@2x.png */ = {isa = PBXFileReference; lastKnownFileType = image.png; path = "papasscode_marker@2x.png"; sourceTree = "<group>"; };
		B12D1F161880D562004C8CF0 /* PAPasscodeViewController.h */ = {isa = PBXFileReference; fileEncoding = 4; lastKnownFileType = sourcecode.c.h; path = PAPasscodeViewController.h; sourceTree = "<group>"; };
		B12D1F171880D562004C8CF0 /* PAPasscodeViewController.m */ = {isa = PBXFileReference; fileEncoding = 4; lastKnownFileType = sourcecode.c.objc; path = PAPasscodeViewController.m; sourceTree = "<group>"; };
		B12D1F191880D562004C8CF0 /* Reachability.h */ = {isa = PBXFileReference; fileEncoding = 4; lastKnownFileType = sourcecode.c.h; path = Reachability.h; sourceTree = "<group>"; };
		B12D1F1A1880D562004C8CF0 /* Reachability.m */ = {isa = PBXFileReference; fileEncoding = 4; lastKnownFileType = sourcecode.c.objc; path = Reachability.m; sourceTree = "<group>"; };
		B12D603E18A21D27002A2622 /* BA_Guest2.xcdatamodel */ = {isa = PBXFileReference; lastKnownFileType = wrapper.xcdatamodel; path = BA_Guest2.xcdatamodel; sourceTree = "<group>"; };
		B12D603F18A220CF002A2622 /* cl_guest.h */ = {isa = PBXFileReference; fileEncoding = 4; lastKnownFileType = sourcecode.c.h; path = cl_guest.h; sourceTree = "<group>"; };
		B12D604018A220D0002A2622 /* cl_guest.m */ = {isa = PBXFileReference; fileEncoding = 4; lastKnownFileType = sourcecode.c.objc; path = cl_guest.m; sourceTree = "<group>"; };
		B1BC664A18810CA40042B638 /* CustomKeyboard.h */ = {isa = PBXFileReference; fileEncoding = 4; lastKnownFileType = sourcecode.c.h; path = CustomKeyboard.h; sourceTree = "<group>"; };
		B1BC664B18810CA40042B638 /* CustomKeyboard.m */ = {isa = PBXFileReference; fileEncoding = 4; lastKnownFileType = sourcecode.c.objc; path = CustomKeyboard.m; sourceTree = "<group>"; };
		B1BC664D18810CEC0042B638 /* MBProgressHUD.m */ = {isa = PBXFileReference; fileEncoding = 4; lastKnownFileType = sourcecode.c.objc; path = MBProgressHUD.m; sourceTree = "<group>"; };
		B1BC664E18810CEC0042B638 /* MBProgressHUD.h */ = {isa = PBXFileReference; fileEncoding = 4; lastKnownFileType = sourcecode.c.h; path = MBProgressHUD.h; sourceTree = "<group>"; };
		B1BC665018810EBE0042B638 /* QuartzCore.framework */ = {isa = PBXFileReference; lastKnownFileType = wrapper.framework; name = QuartzCore.framework; path = System/Library/Frameworks/QuartzCore.framework; sourceTree = SDKROOT; };
		B1BC665218810ECA0042B638 /* SystemConfiguration.framework */ = {isa = PBXFileReference; lastKnownFileType = wrapper.framework; name = SystemConfiguration.framework; path = System/Library/Frameworks/SystemConfiguration.framework; sourceTree = SDKROOT; };
		B1BC667418811A3F0042B638 /* cl_config.m */ = {isa = PBXFileReference; fileEncoding = 4; lastKnownFileType = sourcecode.c.objc; path = cl_config.m; sourceTree = "<group>"; };
		B1BC667518811A3F0042B638 /* cl_config.h */ = {isa = PBXFileReference; fileEncoding = 4; lastKnownFileType = sourcecode.c.h; path = cl_config.h; sourceTree = "<group>"; };
		B1BC667918812A250042B638 /* cialistfirstCell.m */ = {isa = PBXFileReference; fileEncoding = 4; lastKnownFileType = sourcecode.c.objc; name = cialistfirstCell.m; path = ../cialistfirstCell.m; sourceTree = "<group>"; };
		B1BC667A18812A260042B638 /* cialistfirstCell.h */ = {isa = PBXFileReference; fileEncoding = 4; lastKnownFileType = sourcecode.c.h; name = cialistfirstCell.h; path = ../cialistfirstCell.h; sourceTree = "<group>"; };
		B1BC667E18812CB70042B638 /* cialistCell.m */ = {isa = PBXFileReference; fileEncoding = 4; lastKnownFileType = sourcecode.c.objc; name = cialistCell.m; path = ../cialistCell.m; sourceTree = "<group>"; };
		B1BC667F18812CB70042B638 /* cialistCell.h */ = {isa = PBXFileReference; fileEncoding = 4; lastKnownFileType = sourcecode.c.h; name = cialistCell.h; path = ../cialistCell.h; sourceTree = "<group>"; };
		B1BC6687188134ED0042B638 /* builderaccess-logo-4.png */ = {isa = PBXFileReference; lastKnownFileType = image.png; path = "builderaccess-logo-4.png"; sourceTree = "<group>"; };
		B1BC6689188135220042B638 /* Default-Portrait~ipad.png */ = {isa = PBXFileReference; lastKnownFileType = image.png; path = "Default-Portrait~ipad.png"; sourceTree = "<group>"; };
		B1BC668B1881353B0042B638 /* Default-Landscape~ipad.png */ = {isa = PBXFileReference; lastKnownFileType = image.png; path = "Default-Landscape~ipad.png"; sourceTree = "<group>"; };
		B9452AFD8D60CD1906133085 /* libPods-BA-Guest.a */ = {isa = PBXFileReference; explicitFileType = archive.ar; includeInIndex = 0; path = "libPods-BA-Guest.a"; sourceTree = BUILT_PRODUCTS_DIR; };
/* End PBXFileReference section */

/* Begin PBXFrameworksBuildPhase section */
		B12D1E591880D3C0004C8CF0 /* Frameworks */ = {
			isa = PBXFrameworksBuildPhase;
			buildActionMask = 2147483647;
			files = (
				B1BC665318810ECA0042B638 /* SystemConfiguration.framework in Frameworks */,
				B1BC665118810EBE0042B638 /* QuartzCore.framework in Frameworks */,
				B12D1E601880D3C0004C8CF0 /* UIKit.framework in Frameworks */,
				B12D1E621880D3C0004C8CF0 /* Foundation.framework in Frameworks */,
				B12D1E641880D3C0004C8CF0 /* CoreGraphics.framework in Frameworks */,
				B12D1E661880D3C0004C8CF0 /* CoreData.framework in Frameworks */,
			);
			runOnlyForDeploymentPostprocessing = 0;
		};
/* End PBXFrameworksBuildPhase section */

/* Begin PBXGroup section */
		11163B341C891827001AA556 /* views */ = {
			isa = PBXGroup;
			children = (
				11163B351C89188D001AA556 /* BA-Guest-Bridging-Header.h */,
				11163B381C89581C001AA556 /* communityCell.swift */,
				11163B3C1C8960E2001AA556 /* communityHeadView.swift */,
				11E9B8C91C8971CE0070D7E7 /* CConstants.swift */,
			);
			path = views;
			sourceTree = "<group>";
		};
		8FE6E1F2AF67F7314CE00837 /* Pods */ = {
			isa = PBXGroup;
			children = (
				5ABD0665F98735D86FAD4AD4 /* Pods-BA-Guest.debug.xcconfig */,
				4397945A2DFBEC6427A68FA2 /* Pods-BA-Guest.release.xcconfig */,
			);
			name = Pods;
			sourceTree = "<group>";
		};
		B11FA55C18F3CE9700AF6C5B /* Source */ = {
			isa = PBXGroup;
			children = (
				B11FA55D18F3CE9700AF6C5B /* Examples */,
				B11FA56018F3CE9700AF6C5B /* Generated */,
				B11FA57118F3CE9700AF6C5B /* Soap */,
				B11FA58D18F3CE9800AF6C5B /* TouchXML */,
			);
			path = Source;
			sourceTree = "<group>";
		};
		B11FA55D18F3CE9700AF6C5B /* Examples */ = {
			isa = PBXGroup;
			children = (
				B11FA55E18F3CE9700AF6C5B /* wcfServiceExample.h */,
				B11FA55F18F3CE9700AF6C5B /* wcfServiceExample.m */,
			);
			path = Examples;
			sourceTree = "<group>";
		};
		B11FA56018F3CE9700AF6C5B /* Generated */ = {
			isa = PBXGroup;
			children = (
				B11FA56118F3CE9700AF6C5B /* Soap+Prefix.h */,
				B11FA56218F3CE9700AF6C5B /* Soap+Prefix.m */,
				B11FA56318F3CE9700AF6C5B /* wcfArrayOfCommunityItem.h */,
				B11FA56418F3CE9700AF6C5B /* wcfArrayOfCommunityItem.m */,
				B11FA56518F3CE9700AF6C5B /* wcfCommunityItem.h */,
				B11FA56618F3CE9700AF6C5B /* wcfCommunityItem.m */,
				B11FA56718F3CE9700AF6C5B /* wcfGuestEntryItem.h */,
				B11FA56818F3CE9700AF6C5B /* wcfGuestEntryItem.m */,
				B11FA56918F3CE9700AF6C5B /* wcfGuestEntryItem1.h */,
				B11FA56A18F3CE9700AF6C5B /* wcfGuestEntryItem1.m */,
				B11FA56B18F3CE9700AF6C5B /* wcfKeyValueItem.h */,
				B11FA56C18F3CE9700AF6C5B /* wcfKeyValueItem.m */,
				B11FA56D18F3CE9700AF6C5B /* wcfService.h */,
				B11FA56E18F3CE9700AF6C5B /* wcfService.m */,
				B11FA56F18F3CE9700AF6C5B /* wcfServices.h */,
				B11FA57018F3CE9700AF6C5B /* wcfServices.m */,
			);
			path = Generated;
			sourceTree = "<group>";
		};
		B11FA57118F3CE9700AF6C5B /* Soap */ = {
			isa = PBXGroup;
			children = (
				B11FA57218F3CE9700AF6C5B /* NSData+Base64.h */,
				B11FA57318F3CE9700AF6C5B /* NSData+Base64.m */,
				B11FA57418F3CE9700AF6C5B /* NSMutableArray+Soap.h */,
				B11FA57518F3CE9700AF6C5B /* NSMutableArray+Soap.m */,
				B11FA57618F3CE9700AF6C5B /* Soap.h */,
				B11FA57718F3CE9700AF6C5B /* Soap.m */,
				B11FA57818F3CE9700AF6C5B /* SoapArray.h */,
				B11FA57918F3CE9700AF6C5B /* SoapArray.m */,
				B11FA57A18F3CE9700AF6C5B /* SoapDelegate.h */,
				B11FA57B18F3CE9700AF6C5B /* SoapFault.h */,
				B11FA57C18F3CE9700AF6C5B /* SoapFault.m */,
				B11FA57D18F3CE9700AF6C5B /* SoapHandler.h */,
				B11FA57E18F3CE9700AF6C5B /* SoapHandler.m */,
				B11FA57F18F3CE9700AF6C5B /* SoapLiteral.h */,
				B11FA58018F3CE9700AF6C5B /* SoapLiteral.m */,
				B11FA58118F3CE9700AF6C5B /* SoapNil.h */,
				B11FA58218F3CE9700AF6C5B /* SoapNil.m */,
				B11FA58318F3CE9700AF6C5B /* SoapObject.h */,
				B11FA58418F3CE9700AF6C5B /* SoapObject.m */,
				B11FA58518F3CE9700AF6C5B /* SoapParameter.h */,
				B11FA58618F3CE9700AF6C5B /* SoapParameter.m */,
				B11FA58718F3CE9700AF6C5B /* SoapReachability.h */,
				B11FA58818F3CE9700AF6C5B /* SoapReachability.m */,
				B11FA58918F3CE9700AF6C5B /* SoapRequest.h */,
				B11FA58A18F3CE9700AF6C5B /* SoapRequest.m */,
				B11FA58B18F3CE9700AF6C5B /* SoapService.h */,
				B11FA58C18F3CE9700AF6C5B /* SoapService.m */,
			);
			path = Soap;
			sourceTree = "<group>";
		};
		B11FA58D18F3CE9800AF6C5B /* TouchXML */ = {
			isa = PBXGroup;
			children = (
				B11FA58E18F3CE9800AF6C5B /* CXMLDocument.h */,
				B11FA58F18F3CE9800AF6C5B /* CXMLDocument.m */,
				B11FA59018F3CE9800AF6C5B /* CXMLDocument_PrivateExtensions.h */,
				B11FA59118F3CE9800AF6C5B /* CXMLDocument_PrivateExtensions.m */,
				B11FA59218F3CE9800AF6C5B /* CXMLElement.h */,
				B11FA59318F3CE9800AF6C5B /* CXMLElement.m */,
				B11FA59418F3CE9800AF6C5B /* CXMLNode.h */,
				B11FA59518F3CE9800AF6C5B /* CXMLNode.m */,
				B11FA59618F3CE9800AF6C5B /* CXMLNode_PrivateExtensions.h */,
				B11FA59718F3CE9800AF6C5B /* CXMLNode_PrivateExtensions.m */,
				B11FA59818F3CE9800AF6C5B /* CXMLNode_XPathExtensions.h */,
				B11FA59918F3CE9800AF6C5B /* CXMLNode_XPathExtensions.m */,
				B11FA59A18F3CE9800AF6C5B /* TouchXML.h */,
			);
			path = TouchXML;
			sourceTree = "<group>";
		};
		B1275C801886566600943CB0 /* customCell */ = {
			isa = PBXGroup;
			children = (
				B1275C811886570900943CB0 /* realtorCell.m */,
				B1275C831886570A00943CB0 /* realtorCell.h */,
				B1BC667A18812A260042B638 /* cialistfirstCell.h */,
				B1BC667918812A250042B638 /* cialistfirstCell.m */,
				B1BC667F18812CB70042B638 /* cialistCell.h */,
				B1BC667E18812CB70042B638 /* cialistCell.m */,
				B1275C861886616300943CB0 /* realtorfirstCell.h */,
				B1275C871886616300943CB0 /* realtorfirstCell.m */,
				B12B81191887C58900C14C00 /* guestlsfirstCell.h */,
				B12B811A1887C58900C14C00 /* guestlsfirstCell.m */,
				B125F81F188FA8F8001E47D7 /* communityfirstcell.h */,
				B125F820188FA8F8001E47D7 /* communityfirstcell.m */,
				B125F822188FB0D4001E47D7 /* findrealtorCell.h */,
				B125F823188FB0D4001E47D7 /* findrealtorCell.m */,
				B125F825188FB139001E47D7 /* findrealtorfirstCell.h */,
				B125F826188FB139001E47D7 /* findrealtorfirstCell.m */,
				B12A37A51892628900545797 /* reminderCell.h */,
				B12A37A61892628900545797 /* reminderCell.m */,
				B12A37A81892658300545797 /* remiderfirstCell.h */,
				B12A37A91892658300545797 /* remiderfirstCell.m */,
				B11DD6391898F64200B8E627 /* repeatcell.h */,
				B11DD63A1898F64200B8E627 /* repeatcell.m */,
				B11DD63C1898F8AD00B8E627 /* repeatfirstCell.h */,
				B11DD63D1898F8AE00B8E627 /* repeatfirstCell.m */,
				B11E0AC918A0ECF900C8400D /* communitycell.h */,
				B11E0ACA18A0ECF900C8400D /* communitycell.m */,
			);
			path = customCell;
			sourceTree = "<group>";
		};
		B12D1E531880D3BF004C8CF0 = {
			isa = PBXGroup;
			children = (
				B1BC668B1881353B0042B638 /* Default-Landscape~ipad.png */,
				B1BC6689188135220042B638 /* Default-Portrait~ipad.png */,
				B1BC6687188134ED0042B638 /* builderaccess-logo-4.png */,
				B12D1E671880D3C0004C8CF0 /* BA-Guest */,
				B12D1E5E1880D3C0004C8CF0 /* Frameworks */,
				B12D1E5D1880D3C0004C8CF0 /* Products */,
				8FE6E1F2AF67F7314CE00837 /* Pods */,
			);
			sourceTree = "<group>";
		};
		B12D1E5D1880D3C0004C8CF0 /* Products */ = {
			isa = PBXGroup;
			children = (
				B12D1E5C1880D3C0004C8CF0 /* BA-Guest.app */,
			);
			name = Products;
			sourceTree = "<group>";
		};
		B12D1E5E1880D3C0004C8CF0 /* Frameworks */ = {
			isa = PBXGroup;
			children = (
				111FF7DB1C924CF000960FD3 /* libIQKeyboardManager.a */,
				1169E3D41C9172B700EE9601 /* libIQKeyboardManager.a */,
				B1BC665218810ECA0042B638 /* SystemConfiguration.framework */,
				B1BC665018810EBE0042B638 /* QuartzCore.framework */,
				B12D1E5F1880D3C0004C8CF0 /* UIKit.framework */,
				B12D1E611880D3C0004C8CF0 /* Foundation.framework */,
				B12D1E631880D3C0004C8CF0 /* CoreGraphics.framework */,
				B12D1E651880D3C0004C8CF0 /* CoreData.framework */,
				B9452AFD8D60CD1906133085 /* libPods-BA-Guest.a */,
			);
			name = Frameworks;
			sourceTree = "<group>";
		};
		B12D1E671880D3C0004C8CF0 /* BA-Guest */ = {
			isa = PBXGroup;
			children = (
				11021E651C910D2400FD0FAD /* PrintModelTableViewController.swift */,
				11163B341C891827001AA556 /* views */,
				B11FA55C18F3CE9700AF6C5B /* Source */,
				B1275C801886566600943CB0 /* customCell */,
				B1BC665A1881187C0042B638 /* uiviewF */,
				B1BC664D18810CEC0042B638 /* MBProgressHUD.m */,
				B1BC664E18810CEC0042B638 /* MBProgressHUD.h */,
				B1BC664918810CA40042B638 /* CustomControl */,
				B12D1F0A1880D562004C8CF0 /* PAPasscode */,
				B12D1F181880D562004C8CF0 /* NetWork */,
				B12D1EB31880D4EC004C8CF0 /* MyCoreData */,
				B12D1EA61880D483004C8CF0 /* util */,
				B12D1E8F1880D447004C8CF0 /* Login.m */,
				B12D1E901880D447004C8CF0 /* Login.h */,
				111B12581D226D330085037E /* newguest.m */,
				111B12591D226D330085037E /* newguest.h */,
				B11E0A7118A0D45900C8400D /* findcommunity.m */,
				B11E0A7218A0D45900C8400D /* findcommunity.h */,
				B12507F818A4B9440051178F /* select1.h */,
				B12507F918A4B9440051178F /* select1.m */,
				B12507FB18A4C8BA0051178F /* select2.h */,
				B12507FC18A4C8BA0051178F /* select2.m */,
				B12D1E911880D447004C8CF0 /* forgetps1.m */,
				B12D1E931880D447004C8CF0 /* forgetps1.h */,
				11021E691C91121D00FD0FAD /* SelectHowToHearViewController.h */,
				11021E6A1C91121D00FD0FAD /* SelectHowToHearViewController.m */,
				B12D1E681880D3C0004C8CF0 /* Supporting Files */,
				B12D1E941880D447004C8CF0 /* Storyboard.storyboard */,
				B12D1E701880D3C0004C8CF0 /* AppDelegate.h */,
				B12D1E711880D3C0004C8CF0 /* AppDelegate.m */,
				B12D1E791880D3C0004C8CF0 /* BA_Guest.xcdatamodeld */,
				11C497461C6C54FA00A6F039 /* Images.xcassets */,
				11C497481C6C55E900A6F039 /* Launch Screen.storyboard */,
			);
			path = "BA-Guest";
			sourceTree = "<group>";
		};
		B12D1E681880D3C0004C8CF0 /* Supporting Files */ = {
			isa = PBXGroup;
			children = (
				B12D1E691880D3C0004C8CF0 /* BA-Guest-Info.plist */,
				B12D1E6A1880D3C0004C8CF0 /* InfoPlist.strings */,
				B12D1E6D1880D3C0004C8CF0 /* main.m */,
				B12D1E6F1880D3C0004C8CF0 /* BA-Guest-Prefix.pch */,
				B12D1E731880D3C0004C8CF0 /* Default.png */,
				B12D1E751880D3C0004C8CF0 /* Default@2x.png */,
				B12D1E771880D3C0004C8CF0 /* Default-568h@2x.png */,
			);
			name = "Supporting Files";
			sourceTree = "<group>";
		};
		B12D1EA61880D483004C8CF0 /* util */ = {
			isa = PBXGroup;
			children = (
				B12D1EA71880D483004C8CF0 /* baControl.h */,
				B12D1EA81880D483004C8CF0 /* baControl.m */,
				B12D1EA91880D483004C8CF0 /* fathercontroller.h */,
				B12D1EAA1880D483004C8CF0 /* fathercontroller.m */,
				B12D1EAB1880D483004C8CF0 /* Mysql.h */,
				B12D1EAC1880D483004C8CF0 /* Mysql.m */,
				B12D1EAD1880D483004C8CF0 /* userInfo.h */,
				B12D1EAE1880D483004C8CF0 /* userInfo.m */,
			);
			path = util;
			sourceTree = "<group>";
		};
		B12D1EB31880D4EC004C8CF0 /* MyCoreData */ = {
			isa = PBXGroup;
			children = (
				B1BC667418811A3F0042B638 /* cl_config.m */,
				B1BC667518811A3F0042B638 /* cl_config.h */,
				B12D1EB41880D4EC004C8CF0 /* cl_pin.h */,
				B12D1EB51880D4EC004C8CF0 /* cl_pin.m */,
				B12D603F18A220CF002A2622 /* cl_guest.h */,
				B12D604018A220D0002A2622 /* cl_guest.m */,
			);
			path = MyCoreData;
			sourceTree = "<group>";
		};
		B12D1F0A1880D562004C8CF0 /* PAPasscode */ = {
			isa = PBXGroup;
			children = (
				B11FA5B718F3CF2500AF6C5B /* fViewController.m */,
				B12D1F0B1880D562004C8CF0 /* digitCell.psd */,
				B12D1F0C1880D562004C8CF0 /* error.png */,
				B12D1F0D1880D562004C8CF0 /* failedBg.psd */,
				B12D1F0E1880D562004C8CF0 /* fViewController.h */,
				B12D1F101880D562004C8CF0 /* papasscode_background.png */,
				B12D1F111880D562004C8CF0 /* papasscode_background@2x.png */,
				B12D1F121880D562004C8CF0 /* papasscode_failed_bg.png */,
				B12D1F131880D562004C8CF0 /* papasscode_failed_bg@2x.png */,
				B12D1F141880D562004C8CF0 /* papasscode_marker.png */,
				B12D1F151880D562004C8CF0 /* papasscode_marker@2x.png */,
				B12D1F161880D562004C8CF0 /* PAPasscodeViewController.h */,
				B12D1F171880D562004C8CF0 /* PAPasscodeViewController.m */,
			);
			path = PAPasscode;
			sourceTree = "<group>";
		};
		B12D1F181880D562004C8CF0 /* NetWork */ = {
			isa = PBXGroup;
			children = (
				B12D1F191880D562004C8CF0 /* Reachability.h */,
				B12D1F1A1880D562004C8CF0 /* Reachability.m */,
			);
			path = NetWork;
			sourceTree = "<group>";
		};
		B1BC664918810CA40042B638 /* CustomControl */ = {
			isa = PBXGroup;
			children = (
				B12340611888C23E00674A24 /* MTPopupWindowCloseButton.m */,
				B12340621888C23E00674A24 /* MTPopupWindowCloseButton.h */,
				B1BC664A18810CA40042B638 /* CustomKeyboard.h */,
				B1BC664B18810CA40042B638 /* CustomKeyboard.m */,
			);
			path = CustomControl;
			sourceTree = "<group>";
		};
		B1BC665A1881187C0042B638 /* uiviewF */ = {
			isa = PBXGroup;
			children = (
			);
			path = uiviewF;
			sourceTree = "<group>";
		};
/* End PBXGroup section */

/* Begin PBXNativeTarget section */
		B12D1E5B1880D3C0004C8CF0 /* BA-Guest */ = {
			isa = PBXNativeTarget;
			buildConfigurationList = B12D1E7E1880D3C0004C8CF0 /* Build configuration list for PBXNativeTarget "BA-Guest" */;
			buildPhases = (
				74699444AB63CD9B43B03091 /* 📦 Check Pods Manifest.lock */,
				B12D1E581880D3C0004C8CF0 /* Sources */,
				B12D1E591880D3C0004C8CF0 /* Frameworks */,
				B12D1E5A1880D3C0004C8CF0 /* Resources */,
				82E26A0FB991FB2F1021240C /* 📦 Embed Pods Frameworks */,
				217108109D8ECD3B9FF354FC /* 📦 Copy Pods Resources */,
			);
			buildRules = (
			);
			dependencies = (
			);
			name = "BA-Guest";
			productName = "BA-Guest";
			productReference = B12D1E5C1880D3C0004C8CF0 /* BA-Guest.app */;
			productType = "com.apple.product-type.application";
		};
/* End PBXNativeTarget section */

/* Begin PBXProject section */
		B12D1E541880D3BF004C8CF0 /* Project object */ = {
			isa = PBXProject;
			attributes = {
				LastSwiftUpdateCheck = 0720;
				LastUpgradeCheck = 0460;
				ORGANIZATIONNAME = lovetthomes;
				TargetAttributes = {
					B12D1E5B1880D3C0004C8CF0 = {
						DevelopmentTeam = 7D8CVP7EK4;
						LastSwiftMigration = 0820;
						ProvisioningStyle = Manual;
					};
				};
			};
			buildConfigurationList = B12D1E571880D3BF004C8CF0 /* Build configuration list for PBXProject "BA-Guest" */;
			compatibilityVersion = "Xcode 3.2";
			developmentRegion = English;
			hasScannedForEncodings = 0;
			knownRegions = (
				en,
			);
			mainGroup = B12D1E531880D3BF004C8CF0;
			productRefGroup = B12D1E5D1880D3C0004C8CF0 /* Products */;
			projectDirPath = "";
			projectRoot = "";
			targets = (
				B12D1E5B1880D3C0004C8CF0 /* BA-Guest */,
			);
		};
/* End PBXProject section */

/* Begin PBXResourcesBuildPhase section */
		B12D1E5A1880D3C0004C8CF0 /* Resources */ = {
			isa = PBXResourcesBuildPhase;
			buildActionMask = 2147483647;
			files = (
				B12D1E6C1880D3C0004C8CF0 /* InfoPlist.strings in Resources */,
				B12D1E781880D3C0004C8CF0 /* Default-568h@2x.png in Resources */,
				B12D1EA41880D447004C8CF0 /* Storyboard.storyboard in Resources */,
				B12D1F411880D562004C8CF0 /* digitCell.psd in Resources */,
				B12D1F421880D562004C8CF0 /* error.png in Resources */,
				B12D1F431880D562004C8CF0 /* failedBg.psd in Resources */,
				B12D1F451880D562004C8CF0 /* papasscode_background.png in Resources */,
				11C497471C6C54FA00A6F039 /* Images.xcassets in Resources */,
				11C497491C6C55E900A6F039 /* Launch Screen.storyboard in Resources */,
				B12D1F461880D562004C8CF0 /* papasscode_background@2x.png in Resources */,
				B12D1F471880D562004C8CF0 /* papasscode_failed_bg.png in Resources */,
				B12D1F481880D562004C8CF0 /* papasscode_failed_bg@2x.png in Resources */,
				B12D1F491880D562004C8CF0 /* papasscode_marker.png in Resources */,
				B12D1F4A1880D562004C8CF0 /* papasscode_marker@2x.png in Resources */,
				B1BC6688188134EE0042B638 /* builderaccess-logo-4.png in Resources */,
				B121244E18BB0B4300DE3195 /* Default-Landscape~ipad.png in Resources */,
			);
			runOnlyForDeploymentPostprocessing = 0;
		};
/* End PBXResourcesBuildPhase section */

/* Begin PBXShellScriptBuildPhase section */
		217108109D8ECD3B9FF354FC /* 📦 Copy Pods Resources */ = {
			isa = PBXShellScriptBuildPhase;
			buildActionMask = 2147483647;
			files = (
			);
			inputPaths = (
			);
			name = "📦 Copy Pods Resources";
			outputPaths = (
			);
			runOnlyForDeploymentPostprocessing = 0;
			shellPath = /bin/sh;
			shellScript = "\"${SRCROOT}/Pods/Target Support Files/Pods-BA-Guest/Pods-BA-Guest-resources.sh\"\n";
			showEnvVarsInLog = 0;
		};
		74699444AB63CD9B43B03091 /* 📦 Check Pods Manifest.lock */ = {
			isa = PBXShellScriptBuildPhase;
			buildActionMask = 2147483647;
			files = (
			);
			inputPaths = (
			);
			name = "📦 Check Pods Manifest.lock";
			outputPaths = (
			);
			runOnlyForDeploymentPostprocessing = 0;
			shellPath = /bin/sh;
			shellScript = "diff \"${PODS_ROOT}/../Podfile.lock\" \"${PODS_ROOT}/Manifest.lock\" > /dev/null\nif [[ $? != 0 ]] ; then\n    cat << EOM\nerror: The sandbox is not in sync with the Podfile.lock. Run 'pod install' or update your CocoaPods installation.\nEOM\n    exit 1\nfi\n";
			showEnvVarsInLog = 0;
		};
		82E26A0FB991FB2F1021240C /* 📦 Embed Pods Frameworks */ = {
			isa = PBXShellScriptBuildPhase;
			buildActionMask = 2147483647;
			files = (
			);
			inputPaths = (
			);
			name = "📦 Embed Pods Frameworks";
			outputPaths = (
			);
			runOnlyForDeploymentPostprocessing = 0;
			shellPath = /bin/sh;
			shellScript = "\"${SRCROOT}/Pods/Target Support Files/Pods-BA-Guest/Pods-BA-Guest-frameworks.sh\"\n";
			showEnvVarsInLog = 0;
		};
/* End PBXShellScriptBuildPhase section */

/* Begin PBXSourcesBuildPhase section */
		B12D1E581880D3C0004C8CF0 /* Sources */ = {
			isa = PBXSourcesBuildPhase;
			buildActionMask = 2147483647;
			files = (
				B12D1E6E1880D3C0004C8CF0 /* main.m in Sources */,
				B12D1E721880D3C0004C8CF0 /* AppDelegate.m in Sources */,
				B12D1E7B1880D3C0004C8CF0 /* BA_Guest.xcdatamodeld in Sources */,
				B12D1EA11880D447004C8CF0 /* Login.m in Sources */,
				B12D1EA21880D447004C8CF0 /* forgetps1.m in Sources */,
				B12D1EAF1880D483004C8CF0 /* baControl.m in Sources */,
				B12D1EB01880D483004C8CF0 /* fathercontroller.m in Sources */,
				B12D1EB11880D483004C8CF0 /* Mysql.m in Sources */,
				B12D1EB21880D483004C8CF0 /* userInfo.m in Sources */,
				B12D1EB61880D4EC004C8CF0 /* cl_pin.m in Sources */,
				B12D1F4B1880D562004C8CF0 /* PAPasscodeViewController.m in Sources */,
				B12D1F4C1880D562004C8CF0 /* Reachability.m in Sources */,
				B1BC664C18810CA40042B638 /* CustomKeyboard.m in Sources */,
				B1BC664F18810CEC0042B638 /* MBProgressHUD.m in Sources */,
				B1BC667618811A3F0042B638 /* cl_config.m in Sources */,
				B1BC667C18812A260042B638 /* cialistfirstCell.m in Sources */,
				B1BC668018812CB80042B638 /* cialistCell.m in Sources */,
				B1275C851886570A00943CB0 /* realtorCell.m in Sources */,
				B1275C881886616300943CB0 /* realtorfirstCell.m in Sources */,
				B12B811B1887C58A00C14C00 /* guestlsfirstCell.m in Sources */,
				B12340631888C23E00674A24 /* MTPopupWindowCloseButton.m in Sources */,
				B125F821188FA8F8001E47D7 /* communityfirstcell.m in Sources */,
				B125F824188FB0D5001E47D7 /* findrealtorCell.m in Sources */,
				B125F827188FB13A001E47D7 /* findrealtorfirstCell.m in Sources */,
				B12A37A71892628900545797 /* reminderCell.m in Sources */,
				B12A37AA1892658300545797 /* remiderfirstCell.m in Sources */,
				B11DD63B1898F64200B8E627 /* repeatcell.m in Sources */,
				B11DD63E1898F8AE00B8E627 /* repeatfirstCell.m in Sources */,
				B11E0A7318A0D45900C8400D /* findcommunity.m in Sources */,
				B11E0ACB18A0ECF900C8400D /* communitycell.m in Sources */,
				B12D604118A220D0002A2622 /* cl_guest.m in Sources */,
				11E9B8CA1C8971CE0070D7E7 /* CConstants.swift in Sources */,
				B12507FA18A4B9440051178F /* select1.m in Sources */,
				B12507FD18A4C8BA0051178F /* select2.m in Sources */,
				B11FA59B18F3CE9800AF6C5B /* wcfServiceExample.m in Sources */,
				B11FA59C18F3CE9800AF6C5B /* Soap+Prefix.m in Sources */,
				B11FA59D18F3CE9800AF6C5B /* wcfArrayOfCommunityItem.m in Sources */,
				B11FA59E18F3CE9800AF6C5B /* wcfCommunityItem.m in Sources */,
				111B125A1D226D330085037E /* newguest.m in Sources */,
				B11FA59F18F3CE9800AF6C5B /* wcfGuestEntryItem.m in Sources */,
				B11FA5A018F3CE9800AF6C5B /* wcfGuestEntryItem1.m in Sources */,
				B11FA5A118F3CE9800AF6C5B /* wcfKeyValueItem.m in Sources */,
				B11FA5A218F3CE9800AF6C5B /* wcfService.m in Sources */,
				B11FA5A318F3CE9800AF6C5B /* wcfServices.m in Sources */,
				11021E6B1C91121D00FD0FAD /* SelectHowToHearViewController.m in Sources */,
				B11FA5A418F3CE9800AF6C5B /* NSData+Base64.m in Sources */,
				B11FA5A518F3CE9800AF6C5B /* NSMutableArray+Soap.m in Sources */,
				B11FA5A618F3CE9800AF6C5B /* Soap.m in Sources */,
				B11FA5A718F3CE9800AF6C5B /* SoapArray.m in Sources */,
				B11FA5A818F3CE9800AF6C5B /* SoapFault.m in Sources */,
				B11FA5A918F3CE9800AF6C5B /* SoapHandler.m in Sources */,
				B11FA5AA18F3CE9800AF6C5B /* SoapLiteral.m in Sources */,
				B11FA5AB18F3CE9800AF6C5B /* SoapNil.m in Sources */,
				B11FA5AC18F3CE9800AF6C5B /* SoapObject.m in Sources */,
				B11FA5AD18F3CE9800AF6C5B /* SoapParameter.m in Sources */,
				B11FA5AE18F3CE9800AF6C5B /* SoapReachability.m in Sources */,
				B11FA5AF18F3CE9800AF6C5B /* SoapRequest.m in Sources */,
				B11FA5B018F3CE9800AF6C5B /* SoapService.m in Sources */,
				B11FA5B118F3CE9800AF6C5B /* CXMLDocument.m in Sources */,
				B11FA5B218F3CE9800AF6C5B /* CXMLDocument_PrivateExtensions.m in Sources */,
				11021E661C910D2400FD0FAD /* PrintModelTableViewController.swift in Sources */,
				B11FA5B318F3CE9800AF6C5B /* CXMLElement.m in Sources */,
				B11FA5B418F3CE9800AF6C5B /* CXMLNode.m in Sources */,
				B11FA5B518F3CE9800AF6C5B /* CXMLNode_PrivateExtensions.m in Sources */,
				B11FA5B618F3CE9800AF6C5B /* CXMLNode_XPathExtensions.m in Sources */,
				11163B391C89581C001AA556 /* communityCell.swift in Sources */,
				B11FA5B818F3CF2500AF6C5B /* fViewController.m in Sources */,
				11163B3D1C8960E2001AA556 /* communityHeadView.swift in Sources */,
			);
			runOnlyForDeploymentPostprocessing = 0;
		};
/* End PBXSourcesBuildPhase section */

/* Begin PBXVariantGroup section */
		B12D1E6A1880D3C0004C8CF0 /* InfoPlist.strings */ = {
			isa = PBXVariantGroup;
			children = (
				B12D1E6B1880D3C0004C8CF0 /* en */,
			);
			name = InfoPlist.strings;
			sourceTree = "<group>";
		};
/* End PBXVariantGroup section */

/* Begin XCBuildConfiguration section */
		B12D1E7C1880D3C0004C8CF0 /* Debug */ = {
			isa = XCBuildConfiguration;
			buildSettings = {
				ALWAYS_SEARCH_USER_PATHS = NO;
				CLANG_CXX_LANGUAGE_STANDARD = "gnu++0x";
				CLANG_CXX_LIBRARY = "libc++";
				CLANG_ENABLE_OBJC_ARC = YES;
				CLANG_WARN_CONSTANT_CONVERSION = YES;
				CLANG_WARN_EMPTY_BODY = YES;
				CLANG_WARN_ENUM_CONVERSION = YES;
				CLANG_WARN_INT_CONVERSION = YES;
				CLANG_WARN__DUPLICATE_METHOD_MATCH = YES;
				CODE_SIGN_IDENTITY = "iPhone Distribution: EloveIT, Ltd.";
				"CODE_SIGN_IDENTITY[sdk=iphoneos*]" = "iPhone Distribution: EloveIT, Ltd.";
				COPY_PHASE_STRIP = NO;
				GCC_C_LANGUAGE_STANDARD = gnu99;
				GCC_DYNAMIC_NO_PIC = NO;
				GCC_OPTIMIZATION_LEVEL = 0;
				GCC_PREPROCESSOR_DEFINITIONS = (
					"DEBUG=1",
					"$(inherited)",
				);
				GCC_SYMBOLS_PRIVATE_EXTERN = NO;
				GCC_WARN_ABOUT_RETURN_TYPE = YES;
				GCC_WARN_UNINITIALIZED_AUTOS = YES;
				GCC_WARN_UNUSED_VARIABLE = YES;
				IPHONEOS_DEPLOYMENT_TARGET = 6.1;
				ONLY_ACTIVE_ARCH = YES;
				PROVISIONING_PROFILE = "018e4307-91d2-48f3-844c-8ec2b035c582";
				"PROVISIONING_PROFILE[sdk=iphoneos*]" = "018e4307-91d2-48f3-844c-8ec2b035c582";
				SDKROOT = iphoneos;
				TARGETED_DEVICE_FAMILY = 2;
			};
			name = Debug;
		};
		B12D1E7D1880D3C0004C8CF0 /* Release */ = {
			isa = XCBuildConfiguration;
			buildSettings = {
				ALWAYS_SEARCH_USER_PATHS = NO;
				CLANG_CXX_LANGUAGE_STANDARD = "gnu++0x";
				CLANG_CXX_LIBRARY = "libc++";
				CLANG_ENABLE_OBJC_ARC = YES;
				CLANG_WARN_CONSTANT_CONVERSION = YES;
				CLANG_WARN_EMPTY_BODY = YES;
				CLANG_WARN_ENUM_CONVERSION = YES;
				CLANG_WARN_INT_CONVERSION = YES;
				CLANG_WARN__DUPLICATE_METHOD_MATCH = YES;
				CODE_SIGN_IDENTITY = "iPhone Distribution: EloveIT, Ltd.";
				"CODE_SIGN_IDENTITY[sdk=iphoneos*]" = "iPhone Distribution: EloveIT, Ltd.";
				COPY_PHASE_STRIP = YES;
				GCC_C_LANGUAGE_STANDARD = gnu99;
				GCC_WARN_ABOUT_RETURN_TYPE = YES;
				GCC_WARN_UNINITIALIZED_AUTOS = YES;
				GCC_WARN_UNUSED_VARIABLE = YES;
				IPHONEOS_DEPLOYMENT_TARGET = 6.1;
				OTHER_CFLAGS = "-DNS_BLOCK_ASSERTIONS=1";
				PROVISIONING_PROFILE = "018e4307-91d2-48f3-844c-8ec2b035c582";
				"PROVISIONING_PROFILE[sdk=iphoneos*]" = "018e4307-91d2-48f3-844c-8ec2b035c582";
				SDKROOT = iphoneos;
				TARGETED_DEVICE_FAMILY = 2;
				VALIDATE_PRODUCT = YES;
			};
			name = Release;
		};
		B12D1E7F1880D3C0004C8CF0 /* Debug */ = {
			isa = XCBuildConfiguration;
			baseConfigurationReference = 5ABD0665F98735D86FAD4AD4 /* Pods-BA-Guest.debug.xcconfig */;
			buildSettings = {
				ASSETCATALOG_COMPILER_APPICON_NAME = AppIcon;
				CLANG_ENABLE_MODULES = YES;
				CODE_SIGN_IDENTITY = "iPhone Developer";
				"CODE_SIGN_IDENTITY[sdk=iphoneos*]" = "iPhone Distribution";
				DEVELOPMENT_TEAM = 7D8CVP7EK4;
				GCC_PRECOMPILE_PREFIX_HEADER = YES;
				GCC_PREFIX_HEADER = "BA-Guest/BA-Guest-Prefix.pch";
				HEADER_SEARCH_PATHS = /usr/include/libxml2;
				INFOPLIST_FILE = "BA-Guest/BA-Guest-Info.plist";
				IPHONEOS_DEPLOYMENT_TARGET = 8.0;
				LD_RUNPATH_SEARCH_PATHS = "$(inherited) @executable_path/Frameworks";
				LIBRARY_SEARCH_PATHS = "";
				OTHER_LDFLAGS = "-lxml2";
				PRODUCT_BUNDLE_IDENTIFIER = com.ba.GuestRegistration;
				PRODUCT_NAME = "$(TARGET_NAME)";
				PROVISIONING_PROFILE = "5958b5a0-97e9-4301-9dca-c20420b0cebb";
				"PROVISIONING_PROFILE[sdk=iphoneos*]" = "f1780d45-5e56-4de6-9824-e3ec1b4b09e4";
				PROVISIONING_PROFILE_SPECIFIER = BAGuest;
				SWIFT_OBJC_BRIDGING_HEADER = "BA-Guest/views/BA-Guest-Bridging-Header.h";
				SWIFT_OPTIMIZATION_LEVEL = "-Onone";
				SWIFT_VERSION = 3.0;
				TARGETED_DEVICE_FAMILY = 2;
				WRAPPER_EXTENSION = app;
			};
			name = Debug;
		};
		B12D1E801880D3C0004C8CF0 /* Release */ = {
			isa = XCBuildConfiguration;
			baseConfigurationReference = 4397945A2DFBEC6427A68FA2 /* Pods-BA-Guest.release.xcconfig */;
			buildSettings = {
				ASSETCATALOG_COMPILER_APPICON_NAME = AppIcon;
				CLANG_ENABLE_MODULES = YES;
				CODE_SIGN_IDENTITY = "iPhone Developer";
				"CODE_SIGN_IDENTITY[sdk=iphoneos*]" = "iPhone Distribution";
				DEVELOPMENT_TEAM = 7D8CVP7EK4;
				GCC_PRECOMPILE_PREFIX_HEADER = YES;
				GCC_PREFIX_HEADER = "BA-Guest/BA-Guest-Prefix.pch";
				HEADER_SEARCH_PATHS = /usr/include/libxml2;
				INFOPLIST_FILE = "BA-Guest/BA-Guest-Info.plist";
				IPHONEOS_DEPLOYMENT_TARGET = 8.0;
				LD_RUNPATH_SEARCH_PATHS = "$(inherited) @executable_path/Frameworks";
				LIBRARY_SEARCH_PATHS = "";
				OTHER_LDFLAGS = "-lxml2";
				PRODUCT_BUNDLE_IDENTIFIER = com.ba.GuestRegistration;
				PRODUCT_NAME = "$(TARGET_NAME)";
				PROVISIONING_PROFILE = "5958b5a0-97e9-4301-9dca-c20420b0cebb";
				"PROVISIONING_PROFILE[sdk=iphoneos*]" = "f1780d45-5e56-4de6-9824-e3ec1b4b09e4";
				PROVISIONING_PROFILE_SPECIFIER = BAGuest;
				SWIFT_OBJC_BRIDGING_HEADER = "BA-Guest/views/BA-Guest-Bridging-Header.h";
				SWIFT_VERSION = 3.0;
				TARGETED_DEVICE_FAMILY = 2;
				WRAPPER_EXTENSION = app;
			};
			name = Release;
		};
/* End XCBuildConfiguration section */

/* Begin XCConfigurationList section */
		B12D1E571880D3BF004C8CF0 /* Build configuration list for PBXProject "BA-Guest" */ = {
			isa = XCConfigurationList;
			buildConfigurations = (
				B12D1E7C1880D3C0004C8CF0 /* Debug */,
				B12D1E7D1880D3C0004C8CF0 /* Release */,
			);
			defaultConfigurationIsVisible = 0;
			defaultConfigurationName = Release;
		};
		B12D1E7E1880D3C0004C8CF0 /* Build configuration list for PBXNativeTarget "BA-Guest" */ = {
			isa = XCConfigurationList;
			buildConfigurations = (
				B12D1E7F1880D3C0004C8CF0 /* Debug */,
				B12D1E801880D3C0004C8CF0 /* Release */,
			);
			defaultConfigurationIsVisible = 0;
			defaultConfigurationName = Release;
		};
/* End XCConfigurationList section */

/* Begin XCVersionGroup section */
		B12D1E791880D3C0004C8CF0 /* BA_Guest.xcdatamodeld */ = {
			isa = XCVersionGroup;
			children = (
				B12D603E18A21D27002A2622 /* BA_Guest2.xcdatamodel */,
				B12D1E7A1880D3C0004C8CF0 /* BA_Guest.xcdatamodel */,
				B11FA55B18F3C5A400AF6C5B /* BA_GuestI2.xcdatamodel */,
				B10EC8BC18A392DF0096EFA8 /* BA_Guest4.xcdatamodel */,
				B10EC8A518A377190096EFA8 /* BA_Guest3.xcdatamodel */,
			);
			currentVersion = B12D1E7A1880D3C0004C8CF0 /* BA_Guest.xcdatamodel */;
			path = BA_Guest.xcdatamodeld;
			sourceTree = "<group>";
			versionGroupType = wrapper.xcdatamodel;
		};
/* End XCVersionGroup section */
	};
	rootObject = B12D1E541880D3BF004C8CF0 /* Project object */;
}
